
Microsoft Visual Studio Solution File, Format Version 12.00
# Visual Studio 15
VisualStudioVersion = 15.0.27130.2026
MinimumVisualStudioVersion = 10.0.40219.1
Project("{FAE04EC0-301F-11D3-BF4B-00C04F79EFBC}") = "01. Square Area", "01. Square Area\01. Square Area.csproj", "{52FDC601-DBCA-4C48-A2F8-FE71FF7C7DC3}"
EndProject
Project("{FAE04EC0-301F-11D3-BF4B-00C04F79EFBC}") = "02. Inches to Centimeters", "02. Inches to Centimeters\02. Inches to Centimeters.csproj", "{FC984C18-DE79-4474-91D7-CC2C3A38960A}"
EndProject
Project("{FAE04EC0-301F-11D3-BF4B-00C04F79EFBC}") = "Greeting by Name", "Greeting by Name\Greeting by Name.csproj", "{EC783143-3DD7-456B-84DD-70744852AE86}"
EndProject
Project("{FAE04EC0-301F-11D3-BF4B-00C04F79EFBC}") = "Concatenate Data", "Concatenate Data\Concatenate Data.csproj", "{FB361BDC-6EF5-4D02-A845-FC7755F02F25}"
EndProject
Project("{FAE04EC0-301F-11D3-BF4B-00C04F79EFBC}") = "05. Trapeziod Area", "05. Trapeziod Area\05. Trapeziod Area.csproj", "{D63D92B4-9769-4D21-A9CF-D5840E1BDF00}"
EndProject
Project("{FAE04EC0-301F-11D3-BF4B-00C04F79EFBC}") = "06. Circle Area and Perimeter", "06. Circle Area and Perimeter\06. Circle Area and Perimeter.csproj", "{E5C0E664-AC0F-490D-9235-E9D96F9D233F}"
EndProject
Project("{FAE04EC0-301F-11D3-BF4B-00C04F79EFBC}") = "07. 2D Rectangle Area", "07. 2D Rectangle Area\07. 2D Rectangle Area.csproj", "{4015649B-BB6E-4B75-8A19-3C91F18E91CF}"
EndProject
Project("{FAE04EC0-301F-11D3-BF4B-00C04F79EFBC}") = "08. Triangle Area", "08. Triangle Area\08. Triangle Area.csproj", "{EBBC013E-14BB-4FA0-B5FD-7F013052E79C}"
EndProject
Project("{FAE04EC0-301F-11D3-BF4B-00C04F79EFBC}") = "09. Celsius to Fahrenheit", "09. Celsius to Fahrenheit\09. Celsius to Fahrenheit.csproj", "{4F1FEF64-5C5C-409E-A022-7347B7B5649C}"
EndProject
Project("{FAE04EC0-301F-11D3-BF4B-00C04F79EFBC}") = "10. Radians to Degrees", "10. Radians to Degrees\10. Radians to Degrees.csproj", "{AA5492C3-DFF0-4FE3-A758-D45D1E827273}"
EndProject
Project("{FAE04EC0-301F-11D3-BF4B-00C04F79EFBC}") = "USD to BGN", "USD to BGN\USD to BGN.csproj", "{BD3D5E06-DEA7-4973-815B-98D4644951B5}"
EndProject
Project("{FAE04EC0-301F-11D3-BF4B-00C04F79EFBC}") = "12. Currency Converter", "12. Currency Converter\12. Currency Converter.csproj", "{6F9890E4-360B-4676-A2C8-725BDD8A7EFC}"
EndProject
Project("{FAE04EC0-301F-11D3-BF4B-00C04F79EFBC}") = "13. 1000 Days After Birth", "13. 1000 Days After Birth\13. 1000 Days After Birth.csproj", "{CBDD1F0A-46AC-4C20-9543-E7B8A521C860}"
EndProject
Global
	GlobalSection(SolutionConfigurationPlatforms) = preSolution
		Debug|Any CPU = Debug|Any CPU
		Release|Any CPU = Release|Any CPU
	EndGlobalSection
	GlobalSection(ProjectConfigurationPlatforms) = postSolution
		{52FDC601-DBCA-4C48-A2F8-FE71FF7C7DC3}.Debug|Any CPU.ActiveCfg = Debug|Any CPU
		{52FDC601-DBCA-4C48-A2F8-FE71FF7C7DC3}.Debug|Any CPU.Build.0 = Debug|Any CPU
		{52FDC601-DBCA-4C48-A2F8-FE71FF7C7DC3}.Release|Any CPU.ActiveCfg = Release|Any CPU
		{52FDC601-DBCA-4C48-A2F8-FE71FF7C7DC3}.Release|Any CPU.Build.0 = Release|Any CPU
		{FC984C18-DE79-4474-91D7-CC2C3A38960A}.Debug|Any CPU.ActiveCfg = Debug|Any CPU
		{FC984C18-DE79-4474-91D7-CC2C3A38960A}.Debug|Any CPU.Build.0 = Debug|Any CPU
		{FC984C18-DE79-4474-91D7-CC2C3A38960A}.Release|Any CPU.ActiveCfg = Release|Any CPU
		{FC984C18-DE79-4474-91D7-CC2C3A38960A}.Release|Any CPU.Build.0 = Release|Any CPU
		{EC783143-3DD7-456B-84DD-70744852AE86}.Debug|Any CPU.ActiveCfg = Debug|Any CPU
		{EC783143-3DD7-456B-84DD-70744852AE86}.Debug|Any CPU.Build.0 = Debug|Any CPU
		{EC783143-3DD7-456B-84DD-70744852AE86}.Release|Any CPU.ActiveCfg = Release|Any CPU
		{EC783143-3DD7-456B-84DD-70744852AE86}.Release|Any CPU.Build.0 = Release|Any CPU
		{FB361BDC-6EF5-4D02-A845-FC7755F02F25}.Debug|Any CPU.ActiveCfg = Debug|Any CPU
		{FB361BDC-6EF5-4D02-A845-FC7755F02F25}.Debug|Any CPU.Build.0 = Debug|Any CPU
		{FB361BDC-6EF5-4D02-A845-FC7755F02F25}.Release|Any CPU.ActiveCfg = Release|Any CPU
		{FB361BDC-6EF5-4D02-A845-FC7755F02F25}.Release|Any CPU.Build.0 = Release|Any CPU
		{D63D92B4-9769-4D21-A9CF-D5840E1BDF00}.Debug|Any CPU.ActiveCfg = Debug|Any CPU
		{D63D92B4-9769-4D21-A9CF-D5840E1BDF00}.Debug|Any CPU.Build.0 = Debug|Any CPU
		{D63D92B4-9769-4D21-A9CF-D5840E1BDF00}.Release|Any CPU.ActiveCfg = Release|Any CPU
		{D63D92B4-9769-4D21-A9CF-D5840E1BDF00}.Release|Any CPU.Build.0 = Release|Any CPU
		{E5C0E664-AC0F-490D-9235-E9D96F9D233F}.Debug|Any CPU.ActiveCfg = Debug|Any CPU
		{E5C0E664-AC0F-490D-9235-E9D96F9D233F}.Debug|Any CPU.Build.0 = Debug|Any CPU
		{E5C0E664-AC0F-490D-9235-E9D96F9D233F}.Release|Any CPU.ActiveCfg = Release|Any CPU
		{E5C0E664-AC0F-490D-9235-E9D96F9D233F}.Release|Any CPU.Build.0 = Release|Any CPU
		{4015649B-BB6E-4B75-8A19-3C91F18E91CF}.Debug|Any CPU.ActiveCfg = Debug|Any CPU
		{4015649B-BB6E-4B75-8A19-3C91F18E91CF}.Debug|Any CPU.Build.0 = Debug|Any CPU
		{4015649B-BB6E-4B75-8A19-3C91F18E91CF}.Release|Any CPU.ActiveCfg = Release|Any CPU
		{4015649B-BB6E-4B75-8A19-3C91F18E91CF}.Release|Any CPU.Build.0 = Release|Any CPU
		{EBBC013E-14BB-4FA0-B5FD-7F013052E79C}.Debug|Any CPU.ActiveCfg = Debug|Any CPU
		{EBBC013E-14BB-4FA0-B5FD-7F013052E79C}.Debug|Any CPU.Build.0 = Debug|Any CPU
		{EBBC013E-14BB-4FA0-B5FD-7F013052E79C}.Release|Any CPU.ActiveCfg = Release|Any CPU
		{EBBC013E-14BB-4FA0-B5FD-7F013052E79C}.Release|Any CPU.Build.0 = Release|Any CPU
		{4F1FEF64-5C5C-409E-A022-7347B7B5649C}.Debug|Any CPU.ActiveCfg = Debug|Any CPU
		{4F1FEF64-5C5C-409E-A022-7347B7B5649C}.Debug|Any CPU.Build.0 = Debug|Any CPU
		{4F1FEF64-5C5C-409E-A022-7347B7B5649C}.Release|Any CPU.ActiveCfg = Release|Any CPU
		{4F1FEF64-5C5C-409E-A022-7347B7B5649C}.Release|Any CPU.Build.0 = Release|Any CPU
		{AA5492C3-DFF0-4FE3-A758-D45D1E827273}.Debug|Any CPU.ActiveCfg = Debug|Any CPU
		{AA5492C3-DFF0-4FE3-A758-D45D1E827273}.Debug|Any CPU.Build.0 = Debug|Any CPU
		{AA5492C3-DFF0-4FE3-A758-D45D1E827273}.Release|Any CPU.ActiveCfg = Release|Any CPU
		{AA5492C3-DFF0-4FE3-A758-D45D1E827273}.Release|Any CPU.Build.0 = Release|Any CPU
		{BD3D5E06-DEA7-4973-815B-98D4644951B5}.Debug|Any CPU.ActiveCfg = Debug|Any CPU
		{BD3D5E06-DEA7-4973-815B-98D4644951B5}.Debug|Any CPU.Build.0 = Debug|Any CPU
		{BD3D5E06-DEA7-4973-815B-98D4644951B5}.Release|Any CPU.ActiveCfg = Release|Any CPU
		{BD3D5E06-DEA7-4973-815B-98D4644951B5}.Release|Any CPU.Build.0 = Release|Any CPU
		{6F9890E4-360B-4676-A2C8-725BDD8A7EFC}.Debug|Any CPU.ActiveCfg = Debug|Any CPU
		{6F9890E4-360B-4676-A2C8-725BDD8A7EFC}.Debug|Any CPU.Build.0 = Debug|Any CPU
		{6F9890E4-360B-4676-A2C8-725BDD8A7EFC}.Release|Any CPU.ActiveCfg = Release|Any CPU
		{6F9890E4-360B-4676-A2C8-725BDD8A7EFC}.Release|Any CPU.Build.0 = Release|Any CPU
		{CBDD1F0A-46AC-4C20-9543-E7B8A521C860}.Debug|Any CPU.ActiveCfg = Debug|Any CPU
		{CBDD1F0A-46AC-4C20-9543-E7B8A521C860}.Debug|Any CPU.Build.0 = Debug|Any CPU
		{CBDD1F0A-46AC-4C20-9543-E7B8A521C860}.Release|Any CPU.ActiveCfg = Release|Any CPU
		{CBDD1F0A-46AC-4C20-9543-E7B8A521C860}.Release|Any CPU.Build.0 = Release|Any CPU
	EndGlobalSection
	GlobalSection(SolutionProperties) = preSolution
		HideSolutionNode = FALSE
	EndGlobalSection
	GlobalSection(ExtensibilityGlobals) = postSolution
		SolutionGuid = {89D95FD4-888C-403F-83A6-F27ECAF1DBC5}
	EndGlobalSection
EndGlobal
