
Microsoft Visual Studio Solution File, Format Version 12.00
# Visual Studio 15
VisualStudioVersion = 15.0.27130.2026
MinimumVisualStudioVersion = 10.0.40219.1
Project("{FAE04EC0-301F-11D3-BF4B-00C04F79EFBC}") = "01. Choose a Drink", "01. Choose a Drink\01. Choose a Drink.csproj", "{7143A449-1450-470C-89C3-A3A57284A530}"
EndProject
Project("{FAE04EC0-301F-11D3-BF4B-00C04F79EFBC}") = "02. Choose a Drink 2.0", "02. Choose a Drink 2.0\02. Choose a Drink 2.0.csproj", "{C6FDD1C8-637A-414C-8415-BBF0E26A6E28}"
EndProject
Project("{FAE04EC0-301F-11D3-BF4B-00C04F79EFBC}") = "03. Restaurant Discount", "03. Restaurant Discount\03. Restaurant Discount.csproj", "{BD7CDB59-9A05-43E9-A05C-98AAA4A94F25}"
EndProject
Project("{FAE04EC0-301F-11D3-BF4B-00C04F79EFBC}") = "04. Hotel", "04. Hotel\04. Hotel.csproj", "{CDB225F2-E38C-4F9E-A67E-2C6E6CD0D293}"
EndProject
Project("{FAE04EC0-301F-11D3-BF4B-00C04F79EFBC}") = "05. Word in Plural", "05. Word in Plural\05. Word in Plural.csproj", "{D828D514-178B-488B-8A2D-57CCCFB75AEC}"
EndProject
Project("{FAE04EC0-301F-11D3-BF4B-00C04F79EFBC}") = "06. Interval of Numbers", "06. Interval of Numbers\06. Interval of Numbers.csproj", "{87E02E4D-E396-4575-AF04-7CB4FEB04C4D}"
EndProject
Project("{FAE04EC0-301F-11D3-BF4B-00C04F79EFBC}") = "07. Cake Ingredients", "07. Cake Ingredients\07. Cake Ingredients.csproj", "{493074CA-D0F0-4DCC-AC7B-E90DC9C1C285}"
EndProject
Project("{FAE04EC0-301F-11D3-BF4B-00C04F79EFBC}") = "08. Calories Counter", "08. Calories Counter\08. Calories Counter.csproj", "{E8976A0C-F482-4ACC-B4F8-3A13D48A471E}"
EndProject
Project("{FAE04EC0-301F-11D3-BF4B-00C04F79EFBC}") = "09. Count the Integers", "09. Count the Integers\09. Count the Integers.csproj", "{549FC2E6-9906-480D-82C0-2CD91526C65E}"
EndProject
Project("{FAE04EC0-301F-11D3-BF4B-00C04F79EFBC}") = "10. Triangle of Numbers", "10. Triangle of Numbers\10. Triangle of Numbers.csproj", "{FBE647D4-405D-4837-ADCD-AF4637BCCD10}"
EndProject
Project("{FAE04EC0-301F-11D3-BF4B-00C04F79EFBC}") = "11. 5 Different Numbers", "11. 5 Different Numbers\11. 5 Different Numbers.csproj", "{59C3E685-0414-4DDF-B352-0507132B7503}"
EndProject
Project("{FAE04EC0-301F-11D3-BF4B-00C04F79EFBC}") = "12. Test Numbers", "12. Test Numbers\12. Test Numbers.csproj", "{188B1B91-959B-4ADD-8363-9224CBD5FBA0}"
EndProject
Project("{FAE04EC0-301F-11D3-BF4B-00C04F79EFBC}") = "13. Game of Numbers", "13. Game of Numbers\13. Game of Numbers.csproj", "{4CC8341E-5C40-44CD-A6E3-CE05CC1CFD9C}"
EndProject
Project("{FAE04EC0-301F-11D3-BF4B-00C04F79EFBC}") = "14. Magic Letter", "14. Magic Letter\14. Magic Letter.csproj", "{A8AF8A23-C8ED-4910-9C54-9E13197A08FD}"
EndProject
Project("{FAE04EC0-301F-11D3-BF4B-00C04F79EFBC}") = "15. Neighbour Wars", "15. Neighbour Wars\15. Neighbour Wars.csproj", "{363A1A95-8D1C-4BE3-BFF4-DDCD2B915CF2}"
EndProject
Global
	GlobalSection(SolutionConfigurationPlatforms) = preSolution
		Debug|Any CPU = Debug|Any CPU
		Release|Any CPU = Release|Any CPU
	EndGlobalSection
	GlobalSection(ProjectConfigurationPlatforms) = postSolution
		{7143A449-1450-470C-89C3-A3A57284A530}.Debug|Any CPU.ActiveCfg = Debug|Any CPU
		{7143A449-1450-470C-89C3-A3A57284A530}.Debug|Any CPU.Build.0 = Debug|Any CPU
		{7143A449-1450-470C-89C3-A3A57284A530}.Release|Any CPU.ActiveCfg = Release|Any CPU
		{7143A449-1450-470C-89C3-A3A57284A530}.Release|Any CPU.Build.0 = Release|Any CPU
		{C6FDD1C8-637A-414C-8415-BBF0E26A6E28}.Debug|Any CPU.ActiveCfg = Debug|Any CPU
		{C6FDD1C8-637A-414C-8415-BBF0E26A6E28}.Debug|Any CPU.Build.0 = Debug|Any CPU
		{C6FDD1C8-637A-414C-8415-BBF0E26A6E28}.Release|Any CPU.ActiveCfg = Release|Any CPU
		{C6FDD1C8-637A-414C-8415-BBF0E26A6E28}.Release|Any CPU.Build.0 = Release|Any CPU
		{BD7CDB59-9A05-43E9-A05C-98AAA4A94F25}.Debug|Any CPU.ActiveCfg = Debug|Any CPU
		{BD7CDB59-9A05-43E9-A05C-98AAA4A94F25}.Debug|Any CPU.Build.0 = Debug|Any CPU
		{BD7CDB59-9A05-43E9-A05C-98AAA4A94F25}.Release|Any CPU.ActiveCfg = Release|Any CPU
		{BD7CDB59-9A05-43E9-A05C-98AAA4A94F25}.Release|Any CPU.Build.0 = Release|Any CPU
		{CDB225F2-E38C-4F9E-A67E-2C6E6CD0D293}.Debug|Any CPU.ActiveCfg = Debug|Any CPU
		{CDB225F2-E38C-4F9E-A67E-2C6E6CD0D293}.Debug|Any CPU.Build.0 = Debug|Any CPU
		{CDB225F2-E38C-4F9E-A67E-2C6E6CD0D293}.Release|Any CPU.ActiveCfg = Release|Any CPU
		{CDB225F2-E38C-4F9E-A67E-2C6E6CD0D293}.Release|Any CPU.Build.0 = Release|Any CPU
		{D828D514-178B-488B-8A2D-57CCCFB75AEC}.Debug|Any CPU.ActiveCfg = Debug|Any CPU
		{D828D514-178B-488B-8A2D-57CCCFB75AEC}.Debug|Any CPU.Build.0 = Debug|Any CPU
		{D828D514-178B-488B-8A2D-57CCCFB75AEC}.Release|Any CPU.ActiveCfg = Release|Any CPU
		{D828D514-178B-488B-8A2D-57CCCFB75AEC}.Release|Any CPU.Build.0 = Release|Any CPU
		{87E02E4D-E396-4575-AF04-7CB4FEB04C4D}.Debug|Any CPU.ActiveCfg = Debug|Any CPU
		{87E02E4D-E396-4575-AF04-7CB4FEB04C4D}.Debug|Any CPU.Build.0 = Debug|Any CPU
		{87E02E4D-E396-4575-AF04-7CB4FEB04C4D}.Release|Any CPU.ActiveCfg = Release|Any CPU
		{87E02E4D-E396-4575-AF04-7CB4FEB04C4D}.Release|Any CPU.Build.0 = Release|Any CPU
		{493074CA-D0F0-4DCC-AC7B-E90DC9C1C285}.Debug|Any CPU.ActiveCfg = Debug|Any CPU
		{493074CA-D0F0-4DCC-AC7B-E90DC9C1C285}.Debug|Any CPU.Build.0 = Debug|Any CPU
		{493074CA-D0F0-4DCC-AC7B-E90DC9C1C285}.Release|Any CPU.ActiveCfg = Release|Any CPU
		{493074CA-D0F0-4DCC-AC7B-E90DC9C1C285}.Release|Any CPU.Build.0 = Release|Any CPU
		{E8976A0C-F482-4ACC-B4F8-3A13D48A471E}.Debug|Any CPU.ActiveCfg = Debug|Any CPU
		{E8976A0C-F482-4ACC-B4F8-3A13D48A471E}.Debug|Any CPU.Build.0 = Debug|Any CPU
		{E8976A0C-F482-4ACC-B4F8-3A13D48A471E}.Release|Any CPU.ActiveCfg = Release|Any CPU
		{E8976A0C-F482-4ACC-B4F8-3A13D48A471E}.Release|Any CPU.Build.0 = Release|Any CPU
		{549FC2E6-9906-480D-82C0-2CD91526C65E}.Debug|Any CPU.ActiveCfg = Debug|Any CPU
		{549FC2E6-9906-480D-82C0-2CD91526C65E}.Debug|Any CPU.Build.0 = Debug|Any CPU
		{549FC2E6-9906-480D-82C0-2CD91526C65E}.Release|Any CPU.ActiveCfg = Release|Any CPU
		{549FC2E6-9906-480D-82C0-2CD91526C65E}.Release|Any CPU.Build.0 = Release|Any CPU
		{FBE647D4-405D-4837-ADCD-AF4637BCCD10}.Debug|Any CPU.ActiveCfg = Debug|Any CPU
		{FBE647D4-405D-4837-ADCD-AF4637BCCD10}.Debug|Any CPU.Build.0 = Debug|Any CPU
		{FBE647D4-405D-4837-ADCD-AF4637BCCD10}.Release|Any CPU.ActiveCfg = Release|Any CPU
		{FBE647D4-405D-4837-ADCD-AF4637BCCD10}.Release|Any CPU.Build.0 = Release|Any CPU
		{59C3E685-0414-4DDF-B352-0507132B7503}.Debug|Any CPU.ActiveCfg = Debug|Any CPU
		{59C3E685-0414-4DDF-B352-0507132B7503}.Debug|Any CPU.Build.0 = Debug|Any CPU
		{59C3E685-0414-4DDF-B352-0507132B7503}.Release|Any CPU.ActiveCfg = Release|Any CPU
		{59C3E685-0414-4DDF-B352-0507132B7503}.Release|Any CPU.Build.0 = Release|Any CPU
		{188B1B91-959B-4ADD-8363-9224CBD5FBA0}.Debug|Any CPU.ActiveCfg = Debug|Any CPU
		{188B1B91-959B-4ADD-8363-9224CBD5FBA0}.Debug|Any CPU.Build.0 = Debug|Any CPU
		{188B1B91-959B-4ADD-8363-9224CBD5FBA0}.Release|Any CPU.ActiveCfg = Release|Any CPU
		{188B1B91-959B-4ADD-8363-9224CBD5FBA0}.Release|Any CPU.Build.0 = Release|Any CPU
		{4CC8341E-5C40-44CD-A6E3-CE05CC1CFD9C}.Debug|Any CPU.ActiveCfg = Debug|Any CPU
		{4CC8341E-5C40-44CD-A6E3-CE05CC1CFD9C}.Debug|Any CPU.Build.0 = Debug|Any CPU
		{4CC8341E-5C40-44CD-A6E3-CE05CC1CFD9C}.Release|Any CPU.ActiveCfg = Release|Any CPU
		{4CC8341E-5C40-44CD-A6E3-CE05CC1CFD9C}.Release|Any CPU.Build.0 = Release|Any CPU
		{A8AF8A23-C8ED-4910-9C54-9E13197A08FD}.Debug|Any CPU.ActiveCfg = Debug|Any CPU
		{A8AF8A23-C8ED-4910-9C54-9E13197A08FD}.Debug|Any CPU.Build.0 = Debug|Any CPU
		{A8AF8A23-C8ED-4910-9C54-9E13197A08FD}.Release|Any CPU.ActiveCfg = Release|Any CPU
		{A8AF8A23-C8ED-4910-9C54-9E13197A08FD}.Release|Any CPU.Build.0 = Release|Any CPU
		{363A1A95-8D1C-4BE3-BFF4-DDCD2B915CF2}.Debug|Any CPU.ActiveCfg = Debug|Any CPU
		{363A1A95-8D1C-4BE3-BFF4-DDCD2B915CF2}.Debug|Any CPU.Build.0 = Debug|Any CPU
		{363A1A95-8D1C-4BE3-BFF4-DDCD2B915CF2}.Release|Any CPU.ActiveCfg = Release|Any CPU
		{363A1A95-8D1C-4BE3-BFF4-DDCD2B915CF2}.Release|Any CPU.Build.0 = Release|Any CPU
	EndGlobalSection
	GlobalSection(SolutionProperties) = preSolution
		HideSolutionNode = FALSE
	EndGlobalSection
	GlobalSection(ExtensibilityGlobals) = postSolution
		SolutionGuid = {4989160B-8BA9-4C3B-A073-F3FC7C3627EB}
	EndGlobalSection
EndGlobal
