
Microsoft Visual Studio Solution File, Format Version 12.00
# Visual Studio 15
VisualStudioVersion = 15.0.27130.2026
MinimumVisualStudioVersion = 10.0.40219.1
Project("{9A19103F-16F7-4668-BE54-9A1E7A4F7556}") = "Choose a Drink", "Choose a Drink\Choose a Drink.csproj", "{DDAF3CCB-CBD2-4481-B295-11D1B7E07E7C}"
EndProject
Project("{9A19103F-16F7-4668-BE54-9A1E7A4F7556}") = "Choose a Drink 2.0", "Choose a Drink 2.0\Choose a Drink 2.0.csproj", "{9C553789-C2BD-4BF3-9ACA-654CD3E5A4A1}"
EndProject
Project("{9A19103F-16F7-4668-BE54-9A1E7A4F7556}") = "Restaurant Discount", "Restaurant Discount\Restaurant Discount.csproj", "{D556A910-C15E-417D-BFE3-91E82E737755}"
EndProject
Project("{9A19103F-16F7-4668-BE54-9A1E7A4F7556}") = "Hotel", "Hotel\Hotel.csproj", "{12937AD2-77C5-4057-8C82-2B33D3C3C4F6}"
EndProject
Project("{FAE04EC0-301F-11D3-BF4B-00C04F79EFBC}") = "Word in Plural", "Word in Plural\Word in Plural.csproj", "{D0C6F317-662A-4A48-9F1B-ACC1C36A8CE0}"
EndProject
Project("{FAE04EC0-301F-11D3-BF4B-00C04F79EFBC}") = "Interval of Numbers", "Interval of Numbers\Interval of Numbers.csproj", "{DA208976-E16E-4B6F-9C15-8C659737B4C9}"
EndProject
Project("{FAE04EC0-301F-11D3-BF4B-00C04F79EFBC}") = "Cake Ingredients", "Cake Ingredients\Cake Ingredients.csproj", "{AF6F3BA0-A37B-40FE-9EB3-6D2436FF1F4D}"
EndProject
Project("{FAE04EC0-301F-11D3-BF4B-00C04F79EFBC}") = "Calories Counter", "Calories Counter\Calories Counter.csproj", "{5A3D80D8-FD9A-4BD8-A82B-FFE78FD55BE9}"
EndProject
Project("{FAE04EC0-301F-11D3-BF4B-00C04F79EFBC}") = "Count the Integers", "Count the Integers\Count the Integers.csproj", "{515168C9-D876-4966-BB93-BF2E18DAF62F}"
EndProject
Project("{FAE04EC0-301F-11D3-BF4B-00C04F79EFBC}") = "Triangle of Numbers", "Triangle of Numbers\Triangle of Numbers.csproj", "{38B757DB-C340-499B-A538-2B9AE1672C3C}"
EndProject
Project("{FAE04EC0-301F-11D3-BF4B-00C04F79EFBC}") = "5 Different Numbers", "5 Different Numbers\5 Different Numbers.csproj", "{E4577C03-FF0F-4581-9837-3BF1D6FDDE81}"
EndProject
Project("{FAE04EC0-301F-11D3-BF4B-00C04F79EFBC}") = "Test Numbers", "Test Numbers\Test Numbers.csproj", "{0D929155-F927-4606-8805-8621D1D1306F}"
EndProject
Project("{FAE04EC0-301F-11D3-BF4B-00C04F79EFBC}") = "Game of Numbers", "Game of Numbers\Game of Numbers.csproj", "{49DFED5A-C067-4F5B-A46B-8AE463CEA5E4}"
EndProject
Project("{FAE04EC0-301F-11D3-BF4B-00C04F79EFBC}") = "Magic Letter", "Magic Letter\Magic Letter.csproj", "{EB7D16C0-3DE4-44FD-B430-2E8F32F995F8}"
EndProject
Project("{FAE04EC0-301F-11D3-BF4B-00C04F79EFBC}") = "Neighbour Wars", "Neighbour Wars\Neighbour Wars.csproj", "{6D2CEBDF-FB7F-4218-880D-40C17DAC7FD3}"
EndProject
Global
	GlobalSection(SolutionConfigurationPlatforms) = preSolution
		Debug|Any CPU = Debug|Any CPU
		Release|Any CPU = Release|Any CPU
	EndGlobalSection
	GlobalSection(ProjectConfigurationPlatforms) = postSolution
		{DDAF3CCB-CBD2-4481-B295-11D1B7E07E7C}.Debug|Any CPU.ActiveCfg = Debug|Any CPU
		{DDAF3CCB-CBD2-4481-B295-11D1B7E07E7C}.Debug|Any CPU.Build.0 = Debug|Any CPU
		{DDAF3CCB-CBD2-4481-B295-11D1B7E07E7C}.Release|Any CPU.ActiveCfg = Release|Any CPU
		{DDAF3CCB-CBD2-4481-B295-11D1B7E07E7C}.Release|Any CPU.Build.0 = Release|Any CPU
		{9C553789-C2BD-4BF3-9ACA-654CD3E5A4A1}.Debug|Any CPU.ActiveCfg = Debug|Any CPU
		{9C553789-C2BD-4BF3-9ACA-654CD3E5A4A1}.Debug|Any CPU.Build.0 = Debug|Any CPU
		{9C553789-C2BD-4BF3-9ACA-654CD3E5A4A1}.Release|Any CPU.ActiveCfg = Release|Any CPU
		{9C553789-C2BD-4BF3-9ACA-654CD3E5A4A1}.Release|Any CPU.Build.0 = Release|Any CPU
		{D556A910-C15E-417D-BFE3-91E82E737755}.Debug|Any CPU.ActiveCfg = Debug|Any CPU
		{D556A910-C15E-417D-BFE3-91E82E737755}.Debug|Any CPU.Build.0 = Debug|Any CPU
		{D556A910-C15E-417D-BFE3-91E82E737755}.Release|Any CPU.ActiveCfg = Release|Any CPU
		{D556A910-C15E-417D-BFE3-91E82E737755}.Release|Any CPU.Build.0 = Release|Any CPU
		{12937AD2-77C5-4057-8C82-2B33D3C3C4F6}.Debug|Any CPU.ActiveCfg = Debug|Any CPU
		{12937AD2-77C5-4057-8C82-2B33D3C3C4F6}.Debug|Any CPU.Build.0 = Debug|Any CPU
		{12937AD2-77C5-4057-8C82-2B33D3C3C4F6}.Release|Any CPU.ActiveCfg = Release|Any CPU
		{12937AD2-77C5-4057-8C82-2B33D3C3C4F6}.Release|Any CPU.Build.0 = Release|Any CPU
		{D0C6F317-662A-4A48-9F1B-ACC1C36A8CE0}.Debug|Any CPU.ActiveCfg = Debug|Any CPU
		{D0C6F317-662A-4A48-9F1B-ACC1C36A8CE0}.Debug|Any CPU.Build.0 = Debug|Any CPU
		{D0C6F317-662A-4A48-9F1B-ACC1C36A8CE0}.Release|Any CPU.ActiveCfg = Release|Any CPU
		{D0C6F317-662A-4A48-9F1B-ACC1C36A8CE0}.Release|Any CPU.Build.0 = Release|Any CPU
		{DA208976-E16E-4B6F-9C15-8C659737B4C9}.Debug|Any CPU.ActiveCfg = Debug|Any CPU
		{DA208976-E16E-4B6F-9C15-8C659737B4C9}.Debug|Any CPU.Build.0 = Debug|Any CPU
		{DA208976-E16E-4B6F-9C15-8C659737B4C9}.Release|Any CPU.ActiveCfg = Release|Any CPU
		{DA208976-E16E-4B6F-9C15-8C659737B4C9}.Release|Any CPU.Build.0 = Release|Any CPU
		{AF6F3BA0-A37B-40FE-9EB3-6D2436FF1F4D}.Debug|Any CPU.ActiveCfg = Debug|Any CPU
		{AF6F3BA0-A37B-40FE-9EB3-6D2436FF1F4D}.Debug|Any CPU.Build.0 = Debug|Any CPU
		{AF6F3BA0-A37B-40FE-9EB3-6D2436FF1F4D}.Release|Any CPU.ActiveCfg = Release|Any CPU
		{AF6F3BA0-A37B-40FE-9EB3-6D2436FF1F4D}.Release|Any CPU.Build.0 = Release|Any CPU
		{5A3D80D8-FD9A-4BD8-A82B-FFE78FD55BE9}.Debug|Any CPU.ActiveCfg = Debug|Any CPU
		{5A3D80D8-FD9A-4BD8-A82B-FFE78FD55BE9}.Debug|Any CPU.Build.0 = Debug|Any CPU
		{5A3D80D8-FD9A-4BD8-A82B-FFE78FD55BE9}.Release|Any CPU.ActiveCfg = Release|Any CPU
		{5A3D80D8-FD9A-4BD8-A82B-FFE78FD55BE9}.Release|Any CPU.Build.0 = Release|Any CPU
		{515168C9-D876-4966-BB93-BF2E18DAF62F}.Debug|Any CPU.ActiveCfg = Debug|Any CPU
		{515168C9-D876-4966-BB93-BF2E18DAF62F}.Debug|Any CPU.Build.0 = Debug|Any CPU
		{515168C9-D876-4966-BB93-BF2E18DAF62F}.Release|Any CPU.ActiveCfg = Release|Any CPU
		{515168C9-D876-4966-BB93-BF2E18DAF62F}.Release|Any CPU.Build.0 = Release|Any CPU
		{38B757DB-C340-499B-A538-2B9AE1672C3C}.Debug|Any CPU.ActiveCfg = Debug|Any CPU
		{38B757DB-C340-499B-A538-2B9AE1672C3C}.Debug|Any CPU.Build.0 = Debug|Any CPU
		{38B757DB-C340-499B-A538-2B9AE1672C3C}.Release|Any CPU.ActiveCfg = Release|Any CPU
		{38B757DB-C340-499B-A538-2B9AE1672C3C}.Release|Any CPU.Build.0 = Release|Any CPU
		{E4577C03-FF0F-4581-9837-3BF1D6FDDE81}.Debug|Any CPU.ActiveCfg = Debug|Any CPU
		{E4577C03-FF0F-4581-9837-3BF1D6FDDE81}.Debug|Any CPU.Build.0 = Debug|Any CPU
		{E4577C03-FF0F-4581-9837-3BF1D6FDDE81}.Release|Any CPU.ActiveCfg = Release|Any CPU
		{E4577C03-FF0F-4581-9837-3BF1D6FDDE81}.Release|Any CPU.Build.0 = Release|Any CPU
		{0D929155-F927-4606-8805-8621D1D1306F}.Debug|Any CPU.ActiveCfg = Debug|Any CPU
		{0D929155-F927-4606-8805-8621D1D1306F}.Debug|Any CPU.Build.0 = Debug|Any CPU
		{0D929155-F927-4606-8805-8621D1D1306F}.Release|Any CPU.ActiveCfg = Release|Any CPU
		{0D929155-F927-4606-8805-8621D1D1306F}.Release|Any CPU.Build.0 = Release|Any CPU
		{49DFED5A-C067-4F5B-A46B-8AE463CEA5E4}.Debug|Any CPU.ActiveCfg = Debug|Any CPU
		{49DFED5A-C067-4F5B-A46B-8AE463CEA5E4}.Debug|Any CPU.Build.0 = Debug|Any CPU
		{49DFED5A-C067-4F5B-A46B-8AE463CEA5E4}.Release|Any CPU.ActiveCfg = Release|Any CPU
		{49DFED5A-C067-4F5B-A46B-8AE463CEA5E4}.Release|Any CPU.Build.0 = Release|Any CPU
		{EB7D16C0-3DE4-44FD-B430-2E8F32F995F8}.Debug|Any CPU.ActiveCfg = Debug|Any CPU
		{EB7D16C0-3DE4-44FD-B430-2E8F32F995F8}.Debug|Any CPU.Build.0 = Debug|Any CPU
		{EB7D16C0-3DE4-44FD-B430-2E8F32F995F8}.Release|Any CPU.ActiveCfg = Release|Any CPU
		{EB7D16C0-3DE4-44FD-B430-2E8F32F995F8}.Release|Any CPU.Build.0 = Release|Any CPU
		{6D2CEBDF-FB7F-4218-880D-40C17DAC7FD3}.Debug|Any CPU.ActiveCfg = Debug|Any CPU
		{6D2CEBDF-FB7F-4218-880D-40C17DAC7FD3}.Debug|Any CPU.Build.0 = Debug|Any CPU
		{6D2CEBDF-FB7F-4218-880D-40C17DAC7FD3}.Release|Any CPU.ActiveCfg = Release|Any CPU
		{6D2CEBDF-FB7F-4218-880D-40C17DAC7FD3}.Release|Any CPU.Build.0 = Release|Any CPU
	EndGlobalSection
	GlobalSection(SolutionProperties) = preSolution
		HideSolutionNode = FALSE
	EndGlobalSection
	GlobalSection(ExtensibilityGlobals) = postSolution
		SolutionGuid = {7D42DA8E-0170-4160-8581-733BD178D1D0}
	EndGlobalSection
EndGlobal
