
Microsoft Visual Studio Solution File, Format Version 12.00
# Visual Studio 15
VisualStudioVersion = 15.0.26430.14
MinimumVisualStudioVersion = 10.0.40219.1
Project("{FAE04EC0-301F-11D3-BF4B-00C04F79EFBC}") = "Blank Receipt", "Test\Blank Receipt.csproj", "{42E80903-CDFE-40BF-882E-98717398A220}"
EndProject
Project("{FAE04EC0-301F-11D3-BF4B-00C04F79EFBC}") = "Sign of Integer Number", "Sign of Integer Number\Sign of Integer Number.csproj", "{9060011F-032C-4CA0-910A-8643AAB0BD20}"
EndProject
Project("{FAE04EC0-301F-11D3-BF4B-00C04F79EFBC}") = "Printing Triangle", "Printing Triangle\Printing Triangle.csproj", "{C3662C1F-EE32-4686-939B-69B0059085D3}"
EndProject
Project("{FAE04EC0-301F-11D3-BF4B-00C04F79EFBC}") = "Draw a Filled Square", "Draw a Filled Square\Draw a Filled Square.csproj", "{A70768E3-F351-4CD4-ABF6-A001B7BB64E5}"
EndProject
Project("{FAE04EC0-301F-11D3-BF4B-00C04F79EFBC}") = "Temperature Conversion", "Temperature Conversion\Temperature Conversion.csproj", "{3628ADCC-1EC5-4B18-8923-A3E4CFD1C7FD}"
EndProject
Project("{FAE04EC0-301F-11D3-BF4B-00C04F79EFBC}") = "Calculate Triangle Area", "Calculate Triangle Area\Calculate Triangle Area.csproj", "{015F3E93-F9BB-4BAE-87CC-C766D68B2873}"
EndProject
Project("{FAE04EC0-301F-11D3-BF4B-00C04F79EFBC}") = "Math Power", "Math Power\Math Power.csproj", "{7FE3F155-A176-4DAA-9562-C101F3014403}"
EndProject
Project("{FAE04EC0-301F-11D3-BF4B-00C04F79EFBC}") = "Greater of Two Values", "Greater of Two Values\Greater of Two Values.csproj", "{DA0FC486-5058-4048-8B57-40EA2B6E1BBF}"
EndProject
Project("{FAE04EC0-301F-11D3-BF4B-00C04F79EFBC}") = "Multiply Evens by Odds", "Multiply Evens by Odds\Multiply Evens by Odds.csproj", "{5EE75064-4FEF-447F-AADF-B0615D7A139D}"
EndProject
Project("{FAE04EC0-301F-11D3-BF4B-00C04F79EFBC}") = "Debug the Code Holidays Between Two Dates", "Debug the Code Holidays Between Two Dates\Debug the Code Holidays Between Two Dates.csproj", "{9EC3D8A9-B34A-459C-A899-C7A151C56616}"
EndProject
Global
	GlobalSection(SolutionConfigurationPlatforms) = preSolution
		Debug|Any CPU = Debug|Any CPU
		Release|Any CPU = Release|Any CPU
	EndGlobalSection
	GlobalSection(ProjectConfigurationPlatforms) = postSolution
		{42E80903-CDFE-40BF-882E-98717398A220}.Debug|Any CPU.ActiveCfg = Debug|Any CPU
		{42E80903-CDFE-40BF-882E-98717398A220}.Debug|Any CPU.Build.0 = Debug|Any CPU
		{42E80903-CDFE-40BF-882E-98717398A220}.Release|Any CPU.ActiveCfg = Release|Any CPU
		{42E80903-CDFE-40BF-882E-98717398A220}.Release|Any CPU.Build.0 = Release|Any CPU
		{9060011F-032C-4CA0-910A-8643AAB0BD20}.Debug|Any CPU.ActiveCfg = Debug|Any CPU
		{9060011F-032C-4CA0-910A-8643AAB0BD20}.Debug|Any CPU.Build.0 = Debug|Any CPU
		{9060011F-032C-4CA0-910A-8643AAB0BD20}.Release|Any CPU.ActiveCfg = Release|Any CPU
		{9060011F-032C-4CA0-910A-8643AAB0BD20}.Release|Any CPU.Build.0 = Release|Any CPU
		{C3662C1F-EE32-4686-939B-69B0059085D3}.Debug|Any CPU.ActiveCfg = Debug|Any CPU
		{C3662C1F-EE32-4686-939B-69B0059085D3}.Debug|Any CPU.Build.0 = Debug|Any CPU
		{C3662C1F-EE32-4686-939B-69B0059085D3}.Release|Any CPU.ActiveCfg = Release|Any CPU
		{C3662C1F-EE32-4686-939B-69B0059085D3}.Release|Any CPU.Build.0 = Release|Any CPU
		{A70768E3-F351-4CD4-ABF6-A001B7BB64E5}.Debug|Any CPU.ActiveCfg = Debug|Any CPU
		{A70768E3-F351-4CD4-ABF6-A001B7BB64E5}.Debug|Any CPU.Build.0 = Debug|Any CPU
		{A70768E3-F351-4CD4-ABF6-A001B7BB64E5}.Release|Any CPU.ActiveCfg = Release|Any CPU
		{A70768E3-F351-4CD4-ABF6-A001B7BB64E5}.Release|Any CPU.Build.0 = Release|Any CPU
		{3628ADCC-1EC5-4B18-8923-A3E4CFD1C7FD}.Debug|Any CPU.ActiveCfg = Debug|Any CPU
		{3628ADCC-1EC5-4B18-8923-A3E4CFD1C7FD}.Debug|Any CPU.Build.0 = Debug|Any CPU
		{3628ADCC-1EC5-4B18-8923-A3E4CFD1C7FD}.Release|Any CPU.ActiveCfg = Release|Any CPU
		{3628ADCC-1EC5-4B18-8923-A3E4CFD1C7FD}.Release|Any CPU.Build.0 = Release|Any CPU
		{015F3E93-F9BB-4BAE-87CC-C766D68B2873}.Debug|Any CPU.ActiveCfg = Debug|Any CPU
		{015F3E93-F9BB-4BAE-87CC-C766D68B2873}.Debug|Any CPU.Build.0 = Debug|Any CPU
		{015F3E93-F9BB-4BAE-87CC-C766D68B2873}.Release|Any CPU.ActiveCfg = Release|Any CPU
		{015F3E93-F9BB-4BAE-87CC-C766D68B2873}.Release|Any CPU.Build.0 = Release|Any CPU
		{7FE3F155-A176-4DAA-9562-C101F3014403}.Debug|Any CPU.ActiveCfg = Debug|Any CPU
		{7FE3F155-A176-4DAA-9562-C101F3014403}.Debug|Any CPU.Build.0 = Debug|Any CPU
		{7FE3F155-A176-4DAA-9562-C101F3014403}.Release|Any CPU.ActiveCfg = Release|Any CPU
		{7FE3F155-A176-4DAA-9562-C101F3014403}.Release|Any CPU.Build.0 = Release|Any CPU
		{DA0FC486-5058-4048-8B57-40EA2B6E1BBF}.Debug|Any CPU.ActiveCfg = Debug|Any CPU
		{DA0FC486-5058-4048-8B57-40EA2B6E1BBF}.Debug|Any CPU.Build.0 = Debug|Any CPU
		{DA0FC486-5058-4048-8B57-40EA2B6E1BBF}.Release|Any CPU.ActiveCfg = Release|Any CPU
		{DA0FC486-5058-4048-8B57-40EA2B6E1BBF}.Release|Any CPU.Build.0 = Release|Any CPU
		{5EE75064-4FEF-447F-AADF-B0615D7A139D}.Debug|Any CPU.ActiveCfg = Debug|Any CPU
		{5EE75064-4FEF-447F-AADF-B0615D7A139D}.Debug|Any CPU.Build.0 = Debug|Any CPU
		{5EE75064-4FEF-447F-AADF-B0615D7A139D}.Release|Any CPU.ActiveCfg = Release|Any CPU
		{5EE75064-4FEF-447F-AADF-B0615D7A139D}.Release|Any CPU.Build.0 = Release|Any CPU
		{9EC3D8A9-B34A-459C-A899-C7A151C56616}.Debug|Any CPU.ActiveCfg = Debug|Any CPU
		{9EC3D8A9-B34A-459C-A899-C7A151C56616}.Debug|Any CPU.Build.0 = Debug|Any CPU
		{9EC3D8A9-B34A-459C-A899-C7A151C56616}.Release|Any CPU.ActiveCfg = Release|Any CPU
		{9EC3D8A9-B34A-459C-A899-C7A151C56616}.Release|Any CPU.Build.0 = Release|Any CPU
	EndGlobalSection
	GlobalSection(SolutionProperties) = preSolution
		HideSolutionNode = FALSE
	EndGlobalSection
EndGlobal
