
Microsoft Visual Studio Solution File, Format Version 12.00
# Visual Studio 15
VisualStudioVersion = 15.0.27130.2026
MinimumVisualStudioVersion = 10.0.40219.1
Project("{FAE04EC0-301F-11D3-BF4B-00C04F79EFBC}") = "01. Hello, Name!", "01. Hello, Name!\01. Hello, Name!.csproj", "{09C8FB69-70E0-4771-9A91-E6AB92658439}"
EndProject
Project("{FAE04EC0-301F-11D3-BF4B-00C04F79EFBC}") = "02. Max Method", "02. Max Method\02. Max Method.csproj", "{31F457AD-9C2C-475E-974F-EC777C0A744A}"
EndProject
Project("{FAE04EC0-301F-11D3-BF4B-00C04F79EFBC}") = "03. English Name of Last Digit", "03. English Name of Last Digit\03. English Name of Last Digit.csproj", "{BA48E851-F5EB-49DD-B42A-F039528B05ED}"
EndProject
Project("{FAE04EC0-301F-11D3-BF4B-00C04F79EFBC}") = "04. Numbers in Reversed Order", "04. Numbers in Reversed Order\04. Numbers in Reversed Order.csproj", "{B2C43A71-70D2-46A2-8C76-DB6E6F8742C5}"
EndProject
Project("{FAE04EC0-301F-11D3-BF4B-00C04F79EFBC}") = "05. Fibonacci Numbers", "05. Fibonacci Numbers\05. Fibonacci Numbers.csproj", "{5FF8A40A-3B2D-4F3F-A9E9-35F3CB8A98B0}"
EndProject
Project("{FAE04EC0-301F-11D3-BF4B-00C04F79EFBC}") = "06. Prime Checker", "06. Prime Checker\06. Prime Checker.csproj", "{E4E37FDE-918A-4629-8CE4-07191D4401EF}"
EndProject
Project("{FAE04EC0-301F-11D3-BF4B-00C04F79EFBC}") = "07. Primes in Given Range", "07. Primes in Given Range\07. Primes in Given Range.csproj", "{86AC82A4-71E4-4D1A-AE24-497F4CADBE5E}"
EndProject
Project("{FAE04EC0-301F-11D3-BF4B-00C04F79EFBC}") = "08. Center Point", "08. Center Point\08. Center Point.csproj", "{8C16ED75-A5DE-41AA-826B-918B6E3417F4}"
EndProject
Project("{FAE04EC0-301F-11D3-BF4B-00C04F79EFBC}") = "09. Longer Line", "09. Longer Line\09. Longer Line.csproj", "{E8BAC979-44B1-4366-BD78-47944C3D74FA}"
EndProject
Project("{FAE04EC0-301F-11D3-BF4B-00C04F79EFBC}") = "10. Cube Properties", "10. Cube Properties\10. Cube Properties.csproj", "{9B0631C5-13F6-4243-B8C3-51076A9AEA74}"
EndProject
Project("{FAE04EC0-301F-11D3-BF4B-00C04F79EFBC}") = "11. Geometry Calculator", "11. Geometry Calculator\11. Geometry Calculator.csproj", "{562D6156-057F-4056-8A7E-893DB67F06CD}"
EndProject
Project("{FAE04EC0-301F-11D3-BF4B-00C04F79EFBC}") = "12. Master Number", "12. Master Number\12. Master Number.csproj", "{E9EAE02E-0FD6-4F21-8EFC-331388A89078}"
EndProject
Project("{FAE04EC0-301F-11D3-BF4B-00C04F79EFBC}") = "13. Factorial", "13. Factorial\13. Factorial.csproj", "{A92CEDBD-27B0-4AB5-AEAD-AA74C93F37AD}"
EndProject
Project("{FAE04EC0-301F-11D3-BF4B-00C04F79EFBC}") = "14. Factorial Trailing Zeroes", "14. Factorial Trailing Zeroes\14. Factorial Trailing Zeroes.csproj", "{AA63B1F0-12A3-4197-B06B-ABB279B59ED7}"
EndProject
Global
	GlobalSection(SolutionConfigurationPlatforms) = preSolution
		Debug|Any CPU = Debug|Any CPU
		Release|Any CPU = Release|Any CPU
	EndGlobalSection
	GlobalSection(ProjectConfigurationPlatforms) = postSolution
		{09C8FB69-70E0-4771-9A91-E6AB92658439}.Debug|Any CPU.ActiveCfg = Debug|Any CPU
		{09C8FB69-70E0-4771-9A91-E6AB92658439}.Debug|Any CPU.Build.0 = Debug|Any CPU
		{09C8FB69-70E0-4771-9A91-E6AB92658439}.Release|Any CPU.ActiveCfg = Release|Any CPU
		{09C8FB69-70E0-4771-9A91-E6AB92658439}.Release|Any CPU.Build.0 = Release|Any CPU
		{31F457AD-9C2C-475E-974F-EC777C0A744A}.Debug|Any CPU.ActiveCfg = Debug|Any CPU
		{31F457AD-9C2C-475E-974F-EC777C0A744A}.Debug|Any CPU.Build.0 = Debug|Any CPU
		{31F457AD-9C2C-475E-974F-EC777C0A744A}.Release|Any CPU.ActiveCfg = Release|Any CPU
		{31F457AD-9C2C-475E-974F-EC777C0A744A}.Release|Any CPU.Build.0 = Release|Any CPU
		{BA48E851-F5EB-49DD-B42A-F039528B05ED}.Debug|Any CPU.ActiveCfg = Debug|Any CPU
		{BA48E851-F5EB-49DD-B42A-F039528B05ED}.Debug|Any CPU.Build.0 = Debug|Any CPU
		{BA48E851-F5EB-49DD-B42A-F039528B05ED}.Release|Any CPU.ActiveCfg = Release|Any CPU
		{BA48E851-F5EB-49DD-B42A-F039528B05ED}.Release|Any CPU.Build.0 = Release|Any CPU
		{B2C43A71-70D2-46A2-8C76-DB6E6F8742C5}.Debug|Any CPU.ActiveCfg = Debug|Any CPU
		{B2C43A71-70D2-46A2-8C76-DB6E6F8742C5}.Debug|Any CPU.Build.0 = Debug|Any CPU
		{B2C43A71-70D2-46A2-8C76-DB6E6F8742C5}.Release|Any CPU.ActiveCfg = Release|Any CPU
		{B2C43A71-70D2-46A2-8C76-DB6E6F8742C5}.Release|Any CPU.Build.0 = Release|Any CPU
		{5FF8A40A-3B2D-4F3F-A9E9-35F3CB8A98B0}.Debug|Any CPU.ActiveCfg = Debug|Any CPU
		{5FF8A40A-3B2D-4F3F-A9E9-35F3CB8A98B0}.Debug|Any CPU.Build.0 = Debug|Any CPU
		{5FF8A40A-3B2D-4F3F-A9E9-35F3CB8A98B0}.Release|Any CPU.ActiveCfg = Release|Any CPU
		{5FF8A40A-3B2D-4F3F-A9E9-35F3CB8A98B0}.Release|Any CPU.Build.0 = Release|Any CPU
		{E4E37FDE-918A-4629-8CE4-07191D4401EF}.Debug|Any CPU.ActiveCfg = Debug|Any CPU
		{E4E37FDE-918A-4629-8CE4-07191D4401EF}.Debug|Any CPU.Build.0 = Debug|Any CPU
		{E4E37FDE-918A-4629-8CE4-07191D4401EF}.Release|Any CPU.ActiveCfg = Release|Any CPU
		{E4E37FDE-918A-4629-8CE4-07191D4401EF}.Release|Any CPU.Build.0 = Release|Any CPU
		{86AC82A4-71E4-4D1A-AE24-497F4CADBE5E}.Debug|Any CPU.ActiveCfg = Debug|Any CPU
		{86AC82A4-71E4-4D1A-AE24-497F4CADBE5E}.Debug|Any CPU.Build.0 = Debug|Any CPU
		{86AC82A4-71E4-4D1A-AE24-497F4CADBE5E}.Release|Any CPU.ActiveCfg = Release|Any CPU
		{86AC82A4-71E4-4D1A-AE24-497F4CADBE5E}.Release|Any CPU.Build.0 = Release|Any CPU
		{8C16ED75-A5DE-41AA-826B-918B6E3417F4}.Debug|Any CPU.ActiveCfg = Debug|Any CPU
		{8C16ED75-A5DE-41AA-826B-918B6E3417F4}.Debug|Any CPU.Build.0 = Debug|Any CPU
		{8C16ED75-A5DE-41AA-826B-918B6E3417F4}.Release|Any CPU.ActiveCfg = Release|Any CPU
		{8C16ED75-A5DE-41AA-826B-918B6E3417F4}.Release|Any CPU.Build.0 = Release|Any CPU
		{E8BAC979-44B1-4366-BD78-47944C3D74FA}.Debug|Any CPU.ActiveCfg = Debug|Any CPU
		{E8BAC979-44B1-4366-BD78-47944C3D74FA}.Debug|Any CPU.Build.0 = Debug|Any CPU
		{E8BAC979-44B1-4366-BD78-47944C3D74FA}.Release|Any CPU.ActiveCfg = Release|Any CPU
		{E8BAC979-44B1-4366-BD78-47944C3D74FA}.Release|Any CPU.Build.0 = Release|Any CPU
		{9B0631C5-13F6-4243-B8C3-51076A9AEA74}.Debug|Any CPU.ActiveCfg = Debug|Any CPU
		{9B0631C5-13F6-4243-B8C3-51076A9AEA74}.Debug|Any CPU.Build.0 = Debug|Any CPU
		{9B0631C5-13F6-4243-B8C3-51076A9AEA74}.Release|Any CPU.ActiveCfg = Release|Any CPU
		{9B0631C5-13F6-4243-B8C3-51076A9AEA74}.Release|Any CPU.Build.0 = Release|Any CPU
		{562D6156-057F-4056-8A7E-893DB67F06CD}.Debug|Any CPU.ActiveCfg = Debug|Any CPU
		{562D6156-057F-4056-8A7E-893DB67F06CD}.Debug|Any CPU.Build.0 = Debug|Any CPU
		{562D6156-057F-4056-8A7E-893DB67F06CD}.Release|Any CPU.ActiveCfg = Release|Any CPU
		{562D6156-057F-4056-8A7E-893DB67F06CD}.Release|Any CPU.Build.0 = Release|Any CPU
		{E9EAE02E-0FD6-4F21-8EFC-331388A89078}.Debug|Any CPU.ActiveCfg = Debug|Any CPU
		{E9EAE02E-0FD6-4F21-8EFC-331388A89078}.Debug|Any CPU.Build.0 = Debug|Any CPU
		{E9EAE02E-0FD6-4F21-8EFC-331388A89078}.Release|Any CPU.ActiveCfg = Release|Any CPU
		{E9EAE02E-0FD6-4F21-8EFC-331388A89078}.Release|Any CPU.Build.0 = Release|Any CPU
		{A92CEDBD-27B0-4AB5-AEAD-AA74C93F37AD}.Debug|Any CPU.ActiveCfg = Debug|Any CPU
		{A92CEDBD-27B0-4AB5-AEAD-AA74C93F37AD}.Debug|Any CPU.Build.0 = Debug|Any CPU
		{A92CEDBD-27B0-4AB5-AEAD-AA74C93F37AD}.Release|Any CPU.ActiveCfg = Release|Any CPU
		{A92CEDBD-27B0-4AB5-AEAD-AA74C93F37AD}.Release|Any CPU.Build.0 = Release|Any CPU
		{AA63B1F0-12A3-4197-B06B-ABB279B59ED7}.Debug|Any CPU.ActiveCfg = Debug|Any CPU
		{AA63B1F0-12A3-4197-B06B-ABB279B59ED7}.Debug|Any CPU.Build.0 = Debug|Any CPU
		{AA63B1F0-12A3-4197-B06B-ABB279B59ED7}.Release|Any CPU.ActiveCfg = Release|Any CPU
		{AA63B1F0-12A3-4197-B06B-ABB279B59ED7}.Release|Any CPU.Build.0 = Release|Any CPU
	EndGlobalSection
	GlobalSection(SolutionProperties) = preSolution
		HideSolutionNode = FALSE
	EndGlobalSection
	GlobalSection(ExtensibilityGlobals) = postSolution
		SolutionGuid = {F6D3F945-926A-46D1-BB0C-F02768E78B94}
	EndGlobalSection
EndGlobal
