
Microsoft Visual Studio Solution File, Format Version 12.00
# Visual Studio 15
VisualStudioVersion = 15.0.27130.2026
MinimumVisualStudioVersion = 10.0.40219.1
Project("{9A19103F-16F7-4668-BE54-9A1E7A4F7556}") = "02. Extract Sentences by Keyword", "02. Extract Sentences by Keyword\02. Extract Sentences by Keyword.csproj", "{EE5FFB37-3EBA-4D12-BF63-EF74847B102E}"
EndProject
Project("{9A19103F-16F7-4668-BE54-9A1E7A4F7556}") = "03. Camera View", "03. Camera View\03. Camera View.csproj", "{FB2311B3-F971-4250-BF15-71B520642108}"
EndProject
Project("{9A19103F-16F7-4668-BE54-9A1E7A4F7556}") = "04. Weather", "04. Weather\04. Weather.csproj", "{8899BC0A-6A49-4DF6-80CA-4C06642ED424}"
EndProject
Project("{9A19103F-16F7-4668-BE54-9A1E7A4F7556}") = "05. Key Replacer", "05. Key Replacer\05. Key Replacer.csproj", "{D6402E0E-5DC8-4B41-881B-D4603460602A}"
EndProject
Project("{9A19103F-16F7-4668-BE54-9A1E7A4F7556}") = "06. Valid Usernames", "06. Valid Usernames\06. Valid Usernames.csproj", "{DC320915-24CE-44EB-A51B-645B78779537}"
EndProject
Project("{9A19103F-16F7-4668-BE54-9A1E7A4F7556}") = "07. Query Mess", "07. Query Mess\07. Query Mess.csproj", "{E37702EB-7385-46AB-A81A-A9B9F5C6CD15}"
EndProject
Project("{FAE04EC0-301F-11D3-BF4B-00C04F79EFBC}") = "01. Extract Emails", "01. Extract Emails\01. Extract Emails.csproj", "{A398256D-7A64-44EE-8958-8663357CB08F}"
EndProject
Project("{FAE04EC0-301F-11D3-BF4B-00C04F79EFBC}") = "08. Use Your Chains, Buddy", "08. Use Your Chains, Buddy\08. Use Your Chains, Buddy.csproj", "{E9633988-BB8C-40BA-9638-DC6C1710C785}"
EndProject
Global
	GlobalSection(SolutionConfigurationPlatforms) = preSolution
		Debug|Any CPU = Debug|Any CPU
		Release|Any CPU = Release|Any CPU
	EndGlobalSection
	GlobalSection(ProjectConfigurationPlatforms) = postSolution
		{EE5FFB37-3EBA-4D12-BF63-EF74847B102E}.Debug|Any CPU.ActiveCfg = Debug|Any CPU
		{EE5FFB37-3EBA-4D12-BF63-EF74847B102E}.Debug|Any CPU.Build.0 = Debug|Any CPU
		{EE5FFB37-3EBA-4D12-BF63-EF74847B102E}.Release|Any CPU.ActiveCfg = Release|Any CPU
		{EE5FFB37-3EBA-4D12-BF63-EF74847B102E}.Release|Any CPU.Build.0 = Release|Any CPU
		{FB2311B3-F971-4250-BF15-71B520642108}.Debug|Any CPU.ActiveCfg = Debug|Any CPU
		{FB2311B3-F971-4250-BF15-71B520642108}.Debug|Any CPU.Build.0 = Debug|Any CPU
		{FB2311B3-F971-4250-BF15-71B520642108}.Release|Any CPU.ActiveCfg = Release|Any CPU
		{FB2311B3-F971-4250-BF15-71B520642108}.Release|Any CPU.Build.0 = Release|Any CPU
		{8899BC0A-6A49-4DF6-80CA-4C06642ED424}.Debug|Any CPU.ActiveCfg = Debug|Any CPU
		{8899BC0A-6A49-4DF6-80CA-4C06642ED424}.Debug|Any CPU.Build.0 = Debug|Any CPU
		{8899BC0A-6A49-4DF6-80CA-4C06642ED424}.Release|Any CPU.ActiveCfg = Release|Any CPU
		{8899BC0A-6A49-4DF6-80CA-4C06642ED424}.Release|Any CPU.Build.0 = Release|Any CPU
		{D6402E0E-5DC8-4B41-881B-D4603460602A}.Debug|Any CPU.ActiveCfg = Debug|Any CPU
		{D6402E0E-5DC8-4B41-881B-D4603460602A}.Debug|Any CPU.Build.0 = Debug|Any CPU
		{D6402E0E-5DC8-4B41-881B-D4603460602A}.Release|Any CPU.ActiveCfg = Release|Any CPU
		{D6402E0E-5DC8-4B41-881B-D4603460602A}.Release|Any CPU.Build.0 = Release|Any CPU
		{DC320915-24CE-44EB-A51B-645B78779537}.Debug|Any CPU.ActiveCfg = Debug|Any CPU
		{DC320915-24CE-44EB-A51B-645B78779537}.Debug|Any CPU.Build.0 = Debug|Any CPU
		{DC320915-24CE-44EB-A51B-645B78779537}.Release|Any CPU.ActiveCfg = Release|Any CPU
		{DC320915-24CE-44EB-A51B-645B78779537}.Release|Any CPU.Build.0 = Release|Any CPU
		{E37702EB-7385-46AB-A81A-A9B9F5C6CD15}.Debug|Any CPU.ActiveCfg = Debug|Any CPU
		{E37702EB-7385-46AB-A81A-A9B9F5C6CD15}.Debug|Any CPU.Build.0 = Debug|Any CPU
		{E37702EB-7385-46AB-A81A-A9B9F5C6CD15}.Release|Any CPU.ActiveCfg = Release|Any CPU
		{E37702EB-7385-46AB-A81A-A9B9F5C6CD15}.Release|Any CPU.Build.0 = Release|Any CPU
		{A398256D-7A64-44EE-8958-8663357CB08F}.Debug|Any CPU.ActiveCfg = Debug|Any CPU
		{A398256D-7A64-44EE-8958-8663357CB08F}.Debug|Any CPU.Build.0 = Debug|Any CPU
		{A398256D-7A64-44EE-8958-8663357CB08F}.Release|Any CPU.ActiveCfg = Release|Any CPU
		{A398256D-7A64-44EE-8958-8663357CB08F}.Release|Any CPU.Build.0 = Release|Any CPU
		{E9633988-BB8C-40BA-9638-DC6C1710C785}.Debug|Any CPU.ActiveCfg = Debug|Any CPU
		{E9633988-BB8C-40BA-9638-DC6C1710C785}.Debug|Any CPU.Build.0 = Debug|Any CPU
		{E9633988-BB8C-40BA-9638-DC6C1710C785}.Release|Any CPU.ActiveCfg = Release|Any CPU
		{E9633988-BB8C-40BA-9638-DC6C1710C785}.Release|Any CPU.Build.0 = Release|Any CPU
	EndGlobalSection
	GlobalSection(SolutionProperties) = preSolution
		HideSolutionNode = FALSE
	EndGlobalSection
	GlobalSection(ExtensibilityGlobals) = postSolution
		SolutionGuid = {77B1AA62-815E-49A4-B07F-0DDE1AEA1E93}
	EndGlobalSection
EndGlobal
