
Microsoft Visual Studio Solution File, Format Version 12.00
# Visual Studio 15
VisualStudioVersion = 15.0.26430.14
MinimumVisualStudioVersion = 10.0.40219.1
Project("{FAE04EC0-301F-11D3-BF4B-00C04F79EFBC}") = "Practice Integer Numbers", "Practice Integer Numbers\Practice Integer Numbers.csproj", "{2C1476E4-469E-43C1-A800-2F69D0606A67}"
EndProject
Project("{FAE04EC0-301F-11D3-BF4B-00C04F79EFBC}") = "Practice Floating Point Numbers", "Practice Floating Point Numbers\Practice Floating Point Numbers.csproj", "{0904334E-463D-40A2-BDA9-77113131FCF0}"
EndProject
Project("{FAE04EC0-301F-11D3-BF4B-00C04F79EFBC}") = "Practice Characters and Strings", "Practice Characters and Strings\Practice Characters and Strings.csproj", "{B5286DCE-CBCA-4623-96BC-736B547F35C6}"
EndProject
Project("{FAE04EC0-301F-11D3-BF4B-00C04F79EFBC}") = "Variable in Hexadecimal Format", "Variable in Hexadecimal Format\Variable in Hexadecimal Format.csproj", "{5C9E4426-18A2-40BB-8777-7859A6B89835}"
EndProject
Project("{FAE04EC0-301F-11D3-BF4B-00C04F79EFBC}") = "Boolean Variable", "Boolean Variable\Boolean Variable.csproj", "{BEBCC710-1599-4B8D-ABD2-0F73DA8376CD}"
EndProject
Project("{FAE04EC0-301F-11D3-BF4B-00C04F79EFBC}") = "Strings and Objects", "Strings and Objects\Strings and Objects.csproj", "{E1AA9540-418C-420B-A624-06EFFBBCFF25}"
EndProject
Project("{FAE04EC0-301F-11D3-BF4B-00C04F79EFBC}") = "Exchange Variable Values", "Exchange Variable Values\Exchange Variable Values.csproj", "{9CAFA137-9805-4281-B79C-9FE10C4E3C06}"
EndProject
Project("{FAE04EC0-301F-11D3-BF4B-00C04F79EFBC}") = "Employee Data", "Employee Data\Employee Data.csproj", "{2E3E7B3B-A222-4488-90E4-D4C9C0AB2EB0}"
EndProject
Project("{FAE04EC0-301F-11D3-BF4B-00C04F79EFBC}") = "Reversed chars", "Reversed chars\Reversed chars.csproj", "{7450A0CE-BD25-4279-9E63-52EB1BB084D4}"
EndProject
Project("{FAE04EC0-301F-11D3-BF4B-00C04F79EFBC}") = "Centuries to Nanoseconds", "Centuries to Nanoseconds\Centuries to Nanoseconds.csproj", "{73C2969E-74EB-4C7D-B3F1-63F49E7926BA}"
EndProject
Project("{FAE04EC0-301F-11D3-BF4B-00C04F79EFBC}") = "Convert Speed Units", "Convert Speed Units\Convert Speed Units.csproj", "{9063DFB7-ED48-4C21-BA7B-992CEB609E40}"
EndProject
Project("{FAE04EC0-301F-11D3-BF4B-00C04F79EFBC}") = "Rectangle Properties", "Rectangle Properties\Rectangle Properties.csproj", "{B6F22E25-AC5A-4948-BA06-F93F7AFF23C2}"
EndProject
Project("{FAE04EC0-301F-11D3-BF4B-00C04F79EFBC}") = "Vowel or Digit", "Vowel or Digit\Vowel or Digit.csproj", "{3A729A83-37F1-4FED-ADD5-508388533FDD}"
EndProject
Project("{FAE04EC0-301F-11D3-BF4B-00C04F79EFBC}") = "Integer to Hex and Binary", "Integer to Hex and Binary\Integer to Hex and Binary.csproj", "{F9A5F017-4405-409F-8757-B31B76BE7F97}"
EndProject
Project("{FAE04EC0-301F-11D3-BF4B-00C04F79EFBC}") = "Fast Prime Checker", "Fast Prime Checker\Fast Prime Checker.csproj", "{176A6203-1D46-4B5C-BBC0-A73BC2656295}"
EndProject
Project("{FAE04EC0-301F-11D3-BF4B-00C04F79EFBC}") = "Comparing Floats", "Comparing Floats\Comparing Floats.csproj", "{8A6E581D-8475-4E06-8BA7-24E5A5586F55}"
EndProject
Project("{FAE04EC0-301F-11D3-BF4B-00C04F79EFBC}") = "Print Part of the ASCII Table", "Print Part of the ASCII Table\Print Part of the ASCII Table.csproj", "{BB75ABD2-AE73-459A-AF09-E5B202557B16}"
EndProject
Project("{FAE04EC0-301F-11D3-BF4B-00C04F79EFBC}") = "Different Integers Size", "Different Integers Size\Different Integers Size.csproj", "{83889BBD-0FBE-451D-A363-D52C123D0993}"
EndProject
Global
	GlobalSection(SolutionConfigurationPlatforms) = preSolution
		Debug|Any CPU = Debug|Any CPU
		Release|Any CPU = Release|Any CPU
	EndGlobalSection
	GlobalSection(ProjectConfigurationPlatforms) = postSolution
		{2C1476E4-469E-43C1-A800-2F69D0606A67}.Debug|Any CPU.ActiveCfg = Debug|Any CPU
		{2C1476E4-469E-43C1-A800-2F69D0606A67}.Debug|Any CPU.Build.0 = Debug|Any CPU
		{2C1476E4-469E-43C1-A800-2F69D0606A67}.Release|Any CPU.ActiveCfg = Release|Any CPU
		{2C1476E4-469E-43C1-A800-2F69D0606A67}.Release|Any CPU.Build.0 = Release|Any CPU
		{0904334E-463D-40A2-BDA9-77113131FCF0}.Debug|Any CPU.ActiveCfg = Debug|Any CPU
		{0904334E-463D-40A2-BDA9-77113131FCF0}.Debug|Any CPU.Build.0 = Debug|Any CPU
		{0904334E-463D-40A2-BDA9-77113131FCF0}.Release|Any CPU.ActiveCfg = Release|Any CPU
		{0904334E-463D-40A2-BDA9-77113131FCF0}.Release|Any CPU.Build.0 = Release|Any CPU
		{B5286DCE-CBCA-4623-96BC-736B547F35C6}.Debug|Any CPU.ActiveCfg = Debug|Any CPU
		{B5286DCE-CBCA-4623-96BC-736B547F35C6}.Debug|Any CPU.Build.0 = Debug|Any CPU
		{B5286DCE-CBCA-4623-96BC-736B547F35C6}.Release|Any CPU.ActiveCfg = Release|Any CPU
		{B5286DCE-CBCA-4623-96BC-736B547F35C6}.Release|Any CPU.Build.0 = Release|Any CPU
		{5C9E4426-18A2-40BB-8777-7859A6B89835}.Debug|Any CPU.ActiveCfg = Debug|Any CPU
		{5C9E4426-18A2-40BB-8777-7859A6B89835}.Debug|Any CPU.Build.0 = Debug|Any CPU
		{5C9E4426-18A2-40BB-8777-7859A6B89835}.Release|Any CPU.ActiveCfg = Release|Any CPU
		{5C9E4426-18A2-40BB-8777-7859A6B89835}.Release|Any CPU.Build.0 = Release|Any CPU
		{BEBCC710-1599-4B8D-ABD2-0F73DA8376CD}.Debug|Any CPU.ActiveCfg = Debug|Any CPU
		{BEBCC710-1599-4B8D-ABD2-0F73DA8376CD}.Debug|Any CPU.Build.0 = Debug|Any CPU
		{BEBCC710-1599-4B8D-ABD2-0F73DA8376CD}.Release|Any CPU.ActiveCfg = Release|Any CPU
		{BEBCC710-1599-4B8D-ABD2-0F73DA8376CD}.Release|Any CPU.Build.0 = Release|Any CPU
		{E1AA9540-418C-420B-A624-06EFFBBCFF25}.Debug|Any CPU.ActiveCfg = Debug|Any CPU
		{E1AA9540-418C-420B-A624-06EFFBBCFF25}.Debug|Any CPU.Build.0 = Debug|Any CPU
		{E1AA9540-418C-420B-A624-06EFFBBCFF25}.Release|Any CPU.ActiveCfg = Release|Any CPU
		{E1AA9540-418C-420B-A624-06EFFBBCFF25}.Release|Any CPU.Build.0 = Release|Any CPU
		{9CAFA137-9805-4281-B79C-9FE10C4E3C06}.Debug|Any CPU.ActiveCfg = Debug|Any CPU
		{9CAFA137-9805-4281-B79C-9FE10C4E3C06}.Debug|Any CPU.Build.0 = Debug|Any CPU
		{9CAFA137-9805-4281-B79C-9FE10C4E3C06}.Release|Any CPU.ActiveCfg = Release|Any CPU
		{9CAFA137-9805-4281-B79C-9FE10C4E3C06}.Release|Any CPU.Build.0 = Release|Any CPU
		{2E3E7B3B-A222-4488-90E4-D4C9C0AB2EB0}.Debug|Any CPU.ActiveCfg = Debug|Any CPU
		{2E3E7B3B-A222-4488-90E4-D4C9C0AB2EB0}.Debug|Any CPU.Build.0 = Debug|Any CPU
		{2E3E7B3B-A222-4488-90E4-D4C9C0AB2EB0}.Release|Any CPU.ActiveCfg = Release|Any CPU
		{2E3E7B3B-A222-4488-90E4-D4C9C0AB2EB0}.Release|Any CPU.Build.0 = Release|Any CPU
		{7450A0CE-BD25-4279-9E63-52EB1BB084D4}.Debug|Any CPU.ActiveCfg = Debug|Any CPU
		{7450A0CE-BD25-4279-9E63-52EB1BB084D4}.Debug|Any CPU.Build.0 = Debug|Any CPU
		{7450A0CE-BD25-4279-9E63-52EB1BB084D4}.Release|Any CPU.ActiveCfg = Release|Any CPU
		{7450A0CE-BD25-4279-9E63-52EB1BB084D4}.Release|Any CPU.Build.0 = Release|Any CPU
		{73C2969E-74EB-4C7D-B3F1-63F49E7926BA}.Debug|Any CPU.ActiveCfg = Debug|Any CPU
		{73C2969E-74EB-4C7D-B3F1-63F49E7926BA}.Debug|Any CPU.Build.0 = Debug|Any CPU
		{73C2969E-74EB-4C7D-B3F1-63F49E7926BA}.Release|Any CPU.ActiveCfg = Release|Any CPU
		{73C2969E-74EB-4C7D-B3F1-63F49E7926BA}.Release|Any CPU.Build.0 = Release|Any CPU
		{9063DFB7-ED48-4C21-BA7B-992CEB609E40}.Debug|Any CPU.ActiveCfg = Debug|Any CPU
		{9063DFB7-ED48-4C21-BA7B-992CEB609E40}.Debug|Any CPU.Build.0 = Debug|Any CPU
		{9063DFB7-ED48-4C21-BA7B-992CEB609E40}.Release|Any CPU.ActiveCfg = Release|Any CPU
		{9063DFB7-ED48-4C21-BA7B-992CEB609E40}.Release|Any CPU.Build.0 = Release|Any CPU
		{B6F22E25-AC5A-4948-BA06-F93F7AFF23C2}.Debug|Any CPU.ActiveCfg = Debug|Any CPU
		{B6F22E25-AC5A-4948-BA06-F93F7AFF23C2}.Debug|Any CPU.Build.0 = Debug|Any CPU
		{B6F22E25-AC5A-4948-BA06-F93F7AFF23C2}.Release|Any CPU.ActiveCfg = Release|Any CPU
		{B6F22E25-AC5A-4948-BA06-F93F7AFF23C2}.Release|Any CPU.Build.0 = Release|Any CPU
		{3A729A83-37F1-4FED-ADD5-508388533FDD}.Debug|Any CPU.ActiveCfg = Debug|Any CPU
		{3A729A83-37F1-4FED-ADD5-508388533FDD}.Debug|Any CPU.Build.0 = Debug|Any CPU
		{3A729A83-37F1-4FED-ADD5-508388533FDD}.Release|Any CPU.ActiveCfg = Release|Any CPU
		{3A729A83-37F1-4FED-ADD5-508388533FDD}.Release|Any CPU.Build.0 = Release|Any CPU
		{F9A5F017-4405-409F-8757-B31B76BE7F97}.Debug|Any CPU.ActiveCfg = Debug|Any CPU
		{F9A5F017-4405-409F-8757-B31B76BE7F97}.Debug|Any CPU.Build.0 = Debug|Any CPU
		{F9A5F017-4405-409F-8757-B31B76BE7F97}.Release|Any CPU.ActiveCfg = Release|Any CPU
		{F9A5F017-4405-409F-8757-B31B76BE7F97}.Release|Any CPU.Build.0 = Release|Any CPU
		{176A6203-1D46-4B5C-BBC0-A73BC2656295}.Debug|Any CPU.ActiveCfg = Debug|Any CPU
		{176A6203-1D46-4B5C-BBC0-A73BC2656295}.Debug|Any CPU.Build.0 = Debug|Any CPU
		{176A6203-1D46-4B5C-BBC0-A73BC2656295}.Release|Any CPU.ActiveCfg = Release|Any CPU
		{176A6203-1D46-4B5C-BBC0-A73BC2656295}.Release|Any CPU.Build.0 = Release|Any CPU
		{8A6E581D-8475-4E06-8BA7-24E5A5586F55}.Debug|Any CPU.ActiveCfg = Debug|Any CPU
		{8A6E581D-8475-4E06-8BA7-24E5A5586F55}.Debug|Any CPU.Build.0 = Debug|Any CPU
		{8A6E581D-8475-4E06-8BA7-24E5A5586F55}.Release|Any CPU.ActiveCfg = Release|Any CPU
		{8A6E581D-8475-4E06-8BA7-24E5A5586F55}.Release|Any CPU.Build.0 = Release|Any CPU
		{BB75ABD2-AE73-459A-AF09-E5B202557B16}.Debug|Any CPU.ActiveCfg = Debug|Any CPU
		{BB75ABD2-AE73-459A-AF09-E5B202557B16}.Debug|Any CPU.Build.0 = Debug|Any CPU
		{BB75ABD2-AE73-459A-AF09-E5B202557B16}.Release|Any CPU.ActiveCfg = Release|Any CPU
		{BB75ABD2-AE73-459A-AF09-E5B202557B16}.Release|Any CPU.Build.0 = Release|Any CPU
		{83889BBD-0FBE-451D-A363-D52C123D0993}.Debug|Any CPU.ActiveCfg = Debug|Any CPU
		{83889BBD-0FBE-451D-A363-D52C123D0993}.Debug|Any CPU.Build.0 = Debug|Any CPU
		{83889BBD-0FBE-451D-A363-D52C123D0993}.Release|Any CPU.ActiveCfg = Release|Any CPU
		{83889BBD-0FBE-451D-A363-D52C123D0993}.Release|Any CPU.Build.0 = Release|Any CPU
	EndGlobalSection
	GlobalSection(SolutionProperties) = preSolution
		HideSolutionNode = FALSE
	EndGlobalSection
EndGlobal
