
Microsoft Visual Studio Solution File, Format Version 12.00
# Visual Studio 15
VisualStudioVersion = 15.0.26430.14
MinimumVisualStudioVersion = 10.0.40219.1
Project("{FAE04EC0-301F-11D3-BF4B-00C04F79EFBC}") = "Practice Integer Numbers", "Practice Integer Numbers\Practice Integer Numbers.csproj", "{2C1476E4-469E-43C1-A800-2F69D0606A67}"
EndProject
Project("{FAE04EC0-301F-11D3-BF4B-00C04F79EFBC}") = "Practice Floating Point Numbers", "Practice Floating Point Numbers\Practice Floating Point Numbers.csproj", "{0904334E-463D-40A2-BDA9-77113131FCF0}"
EndProject
Global
	GlobalSection(SolutionConfigurationPlatforms) = preSolution
		Debug|Any CPU = Debug|Any CPU
		Release|Any CPU = Release|Any CPU
	EndGlobalSection
	GlobalSection(ProjectConfigurationPlatforms) = postSolution
		{2C1476E4-469E-43C1-A800-2F69D0606A67}.Debug|Any CPU.ActiveCfg = Debug|Any CPU
		{2C1476E4-469E-43C1-A800-2F69D0606A67}.Debug|Any CPU.Build.0 = Debug|Any CPU
		{2C1476E4-469E-43C1-A800-2F69D0606A67}.Release|Any CPU.ActiveCfg = Release|Any CPU
		{2C1476E4-469E-43C1-A800-2F69D0606A67}.Release|Any CPU.Build.0 = Release|Any CPU
		{0904334E-463D-40A2-BDA9-77113131FCF0}.Debug|Any CPU.ActiveCfg = Debug|Any CPU
		{0904334E-463D-40A2-BDA9-77113131FCF0}.Debug|Any CPU.Build.0 = Debug|Any CPU
		{0904334E-463D-40A2-BDA9-77113131FCF0}.Release|Any CPU.ActiveCfg = Release|Any CPU
		{0904334E-463D-40A2-BDA9-77113131FCF0}.Release|Any CPU.Build.0 = Release|Any CPU
	EndGlobalSection
	GlobalSection(SolutionProperties) = preSolution
		HideSolutionNode = FALSE
	EndGlobalSection
EndGlobal
