
Microsoft Visual Studio Solution File, Format Version 12.00
# Visual Studio 15
VisualStudioVersion = 15.0.27130.2026
MinimumVisualStudioVersion = 10.0.40219.1
Project("{FAE04EC0-301F-11D3-BF4B-00C04F79EFBC}") = "01.Phonebook", "01.Phonebook\01.Phonebook.csproj", "{06460949-3B0F-4F2C-8BDC-3A9022F22E13}"
EndProject
Project("{FAE04EC0-301F-11D3-BF4B-00C04F79EFBC}") = "02.Phonebook Upgrade", "02.Phonebook Upgrade\02.Phonebook Upgrade.csproj", "{971EB345-DF82-4139-96F3-7057FB6C7820}"
EndProject
Project("{FAE04EC0-301F-11D3-BF4B-00C04F79EFBC}") = "03.A Miner Task", "03.A Miner Task\03.A Miner Task.csproj", "{C2EA6697-21BF-4311-9708-7222F5C65919}"
EndProject
Project("{FAE04EC0-301F-11D3-BF4B-00C04F79EFBC}") = "04.Fix Emails", "04.Fix Emails\04.Fix Emails.csproj", "{C527F2A7-0BC2-4DD4-A624-77D159B0096F}"
EndProject
Project("{FAE04EC0-301F-11D3-BF4B-00C04F79EFBC}") = "05.Hands Of Cards", "05.Hands Of Cards\05.Hands Of Cards.csproj", "{22BADFDF-3A1F-4AD0-935E-7CE92570DF7C}"
EndProject
Project("{FAE04EC0-301F-11D3-BF4B-00C04F79EFBC}") = "06.Users Log", "06.Users Log\06.Users Log.csproj", "{6374705D-076E-4CDB-85F8-90120522FB25}"
EndProject
Project("{FAE04EC0-301F-11D3-BF4B-00C04F79EFBC}") = "07.Population Counter", "07.Population Counter\07.Population Counter.csproj", "{66E1921E-ED9F-4001-A4DB-EF29C393E379}"
EndProject
Project("{FAE04EC0-301F-11D3-BF4B-00C04F79EFBC}") = "08.Logs Aggregator", "08.Logs Aggregator\08.Logs Aggregator.csproj", "{3C3A2256-D054-48AD-BF57-7120E23C27CD}"
EndProject
Project("{FAE04EC0-301F-11D3-BF4B-00C04F79EFBC}") = "09.Legendary Farming", "09.Legendary Farming\09.Legendary Farming.csproj", "{BBCE2860-88F6-4D8D-B75C-9FF1DED19345}"
EndProject
Project("{FAE04EC0-301F-11D3-BF4B-00C04F79EFBC}") = "10.Serbian Unleashed", "10.Serbian Unleashed\10.Serbian Unleashed.csproj", "{0A6D92D0-EDEE-47BE-93C7-E046DE788435}"
EndProject
Project("{FAE04EC0-301F-11D3-BF4B-00C04F79EFBC}") = "11.Dragon Atrmy", "11.Dragon Atrmy\11.Dragon Atrmy.csproj", "{9915EC03-94E1-47B1-86E9-B222E13E54AD}"
EndProject
Global
	GlobalSection(SolutionConfigurationPlatforms) = preSolution
		Debug|Any CPU = Debug|Any CPU
		Release|Any CPU = Release|Any CPU
	EndGlobalSection
	GlobalSection(ProjectConfigurationPlatforms) = postSolution
		{06460949-3B0F-4F2C-8BDC-3A9022F22E13}.Debug|Any CPU.ActiveCfg = Debug|Any CPU
		{06460949-3B0F-4F2C-8BDC-3A9022F22E13}.Debug|Any CPU.Build.0 = Debug|Any CPU
		{06460949-3B0F-4F2C-8BDC-3A9022F22E13}.Release|Any CPU.ActiveCfg = Release|Any CPU
		{06460949-3B0F-4F2C-8BDC-3A9022F22E13}.Release|Any CPU.Build.0 = Release|Any CPU
		{971EB345-DF82-4139-96F3-7057FB6C7820}.Debug|Any CPU.ActiveCfg = Debug|Any CPU
		{971EB345-DF82-4139-96F3-7057FB6C7820}.Debug|Any CPU.Build.0 = Debug|Any CPU
		{971EB345-DF82-4139-96F3-7057FB6C7820}.Release|Any CPU.ActiveCfg = Release|Any CPU
		{971EB345-DF82-4139-96F3-7057FB6C7820}.Release|Any CPU.Build.0 = Release|Any CPU
		{C2EA6697-21BF-4311-9708-7222F5C65919}.Debug|Any CPU.ActiveCfg = Debug|Any CPU
		{C2EA6697-21BF-4311-9708-7222F5C65919}.Debug|Any CPU.Build.0 = Debug|Any CPU
		{C2EA6697-21BF-4311-9708-7222F5C65919}.Release|Any CPU.ActiveCfg = Release|Any CPU
		{C2EA6697-21BF-4311-9708-7222F5C65919}.Release|Any CPU.Build.0 = Release|Any CPU
		{C527F2A7-0BC2-4DD4-A624-77D159B0096F}.Debug|Any CPU.ActiveCfg = Debug|Any CPU
		{C527F2A7-0BC2-4DD4-A624-77D159B0096F}.Debug|Any CPU.Build.0 = Debug|Any CPU
		{C527F2A7-0BC2-4DD4-A624-77D159B0096F}.Release|Any CPU.ActiveCfg = Release|Any CPU
		{C527F2A7-0BC2-4DD4-A624-77D159B0096F}.Release|Any CPU.Build.0 = Release|Any CPU
		{22BADFDF-3A1F-4AD0-935E-7CE92570DF7C}.Debug|Any CPU.ActiveCfg = Debug|Any CPU
		{22BADFDF-3A1F-4AD0-935E-7CE92570DF7C}.Debug|Any CPU.Build.0 = Debug|Any CPU
		{22BADFDF-3A1F-4AD0-935E-7CE92570DF7C}.Release|Any CPU.ActiveCfg = Release|Any CPU
		{22BADFDF-3A1F-4AD0-935E-7CE92570DF7C}.Release|Any CPU.Build.0 = Release|Any CPU
		{6374705D-076E-4CDB-85F8-90120522FB25}.Debug|Any CPU.ActiveCfg = Debug|Any CPU
		{6374705D-076E-4CDB-85F8-90120522FB25}.Debug|Any CPU.Build.0 = Debug|Any CPU
		{6374705D-076E-4CDB-85F8-90120522FB25}.Release|Any CPU.ActiveCfg = Release|Any CPU
		{6374705D-076E-4CDB-85F8-90120522FB25}.Release|Any CPU.Build.0 = Release|Any CPU
		{66E1921E-ED9F-4001-A4DB-EF29C393E379}.Debug|Any CPU.ActiveCfg = Debug|Any CPU
		{66E1921E-ED9F-4001-A4DB-EF29C393E379}.Debug|Any CPU.Build.0 = Debug|Any CPU
		{66E1921E-ED9F-4001-A4DB-EF29C393E379}.Release|Any CPU.ActiveCfg = Release|Any CPU
		{66E1921E-ED9F-4001-A4DB-EF29C393E379}.Release|Any CPU.Build.0 = Release|Any CPU
		{3C3A2256-D054-48AD-BF57-7120E23C27CD}.Debug|Any CPU.ActiveCfg = Debug|Any CPU
		{3C3A2256-D054-48AD-BF57-7120E23C27CD}.Debug|Any CPU.Build.0 = Debug|Any CPU
		{3C3A2256-D054-48AD-BF57-7120E23C27CD}.Release|Any CPU.ActiveCfg = Release|Any CPU
		{3C3A2256-D054-48AD-BF57-7120E23C27CD}.Release|Any CPU.Build.0 = Release|Any CPU
		{BBCE2860-88F6-4D8D-B75C-9FF1DED19345}.Debug|Any CPU.ActiveCfg = Debug|Any CPU
		{BBCE2860-88F6-4D8D-B75C-9FF1DED19345}.Debug|Any CPU.Build.0 = Debug|Any CPU
		{BBCE2860-88F6-4D8D-B75C-9FF1DED19345}.Release|Any CPU.ActiveCfg = Release|Any CPU
		{BBCE2860-88F6-4D8D-B75C-9FF1DED19345}.Release|Any CPU.Build.0 = Release|Any CPU
		{0A6D92D0-EDEE-47BE-93C7-E046DE788435}.Debug|Any CPU.ActiveCfg = Debug|Any CPU
		{0A6D92D0-EDEE-47BE-93C7-E046DE788435}.Debug|Any CPU.Build.0 = Debug|Any CPU
		{0A6D92D0-EDEE-47BE-93C7-E046DE788435}.Release|Any CPU.ActiveCfg = Release|Any CPU
		{0A6D92D0-EDEE-47BE-93C7-E046DE788435}.Release|Any CPU.Build.0 = Release|Any CPU
		{9915EC03-94E1-47B1-86E9-B222E13E54AD}.Debug|Any CPU.ActiveCfg = Debug|Any CPU
		{9915EC03-94E1-47B1-86E9-B222E13E54AD}.Debug|Any CPU.Build.0 = Debug|Any CPU
		{9915EC03-94E1-47B1-86E9-B222E13E54AD}.Release|Any CPU.ActiveCfg = Release|Any CPU
		{9915EC03-94E1-47B1-86E9-B222E13E54AD}.Release|Any CPU.Build.0 = Release|Any CPU
	EndGlobalSection
	GlobalSection(SolutionProperties) = preSolution
		HideSolutionNode = FALSE
	EndGlobalSection
	GlobalSection(ExtensibilityGlobals) = postSolution
		SolutionGuid = {B5E8964B-965C-4611-8E4B-5F34F522C338}
	EndGlobalSection
EndGlobal
