
Microsoft Visual Studio Solution File, Format Version 12.00
# Visual Studio 15
VisualStudioVersion = 15.0.27130.2026
MinimumVisualStudioVersion = 10.0.40219.1
Project("{FAE04EC0-301F-11D3-BF4B-00C04F79EFBC}") = "Numbers from 1 to 100", "Numbers from 1 to 100\Numbers from 1 to 100.csproj", "{B2DC2391-B6B4-4500-BB4C-55597748C8BD}"
EndProject
Project("{FAE04EC0-301F-11D3-BF4B-00C04F79EFBC}") = "02. Numbers Ending in 7", "02. Numbers Ending in 7\02. Numbers Ending in 7.csproj", "{0080F10C-7193-41A6-8F76-57B7BC0575F3}"
EndProject
Project("{FAE04EC0-301F-11D3-BF4B-00C04F79EFBC}") = "03. Latin Letters", "03. Latin Letters\03. Latin Letters.csproj", "{71076391-2E3F-46DE-B9BD-87FD56826D63}"
EndProject
Project("{FAE04EC0-301F-11D3-BF4B-00C04F79EFBC}") = "04. Sum Numbers", "04. Sum Numbers\04. Sum Numbers.csproj", "{83801FCE-EAF9-45E1-9A9C-02B8D96DA363}"
EndProject
Project("{FAE04EC0-301F-11D3-BF4B-00C04F79EFBC}") = "05. Max Number", "05. Max Number\05. Max Number.csproj", "{6AF456F0-1942-4AB0-AED1-EC4868C72D09}"
EndProject
Project("{FAE04EC0-301F-11D3-BF4B-00C04F79EFBC}") = "06. Min Number", "06. Min Number\06. Min Number.csproj", "{0B475EC1-4C72-4F38-AF3E-F73C1DA54E1B}"
EndProject
Project("{FAE04EC0-301F-11D3-BF4B-00C04F79EFBC}") = "07. Left and Right Sum", "07. Left and Right Sum\07. Left and Right Sum.csproj", "{D6D426EA-3D04-44E3-B083-043A582B4EA7}"
EndProject
Project("{FAE04EC0-301F-11D3-BF4B-00C04F79EFBC}") = "08. Odd Even Sum", "08. Odd Even Sum\08. Odd Even Sum.csproj", "{40CAA0DE-6E28-48EF-AD22-2993F60BE75A}"
EndProject
Project("{FAE04EC0-301F-11D3-BF4B-00C04F79EFBC}") = "09. Vowels Sum", "09. Vowels Sum\09. Vowels Sum.csproj", "{F9A52FFD-2EFF-47E8-8E45-AD84A985CFB1}"
EndProject
Project("{FAE04EC0-301F-11D3-BF4B-00C04F79EFBC}") = "10. Half Sum Element", "10. Half Sum Element\10. Half Sum Element.csproj", "{C47B1CF1-4686-459E-BC2A-57A3D9D74BB9}"
EndProject
Project("{FAE04EC0-301F-11D3-BF4B-00C04F79EFBC}") = "11. Odd Even Position", "11. Odd Even Position\11. Odd Even Position.csproj", "{0CB50289-2C08-43BF-961F-488792A6C1B9}"
EndProject
Project("{FAE04EC0-301F-11D3-BF4B-00C04F79EFBC}") = "Equal Pairs", "Equal Pairs\Equal Pairs.csproj", "{61C5B662-AA0D-490E-BFEA-8A3240220D75}"
EndProject
Global
	GlobalSection(SolutionConfigurationPlatforms) = preSolution
		Debug|Any CPU = Debug|Any CPU
		Release|Any CPU = Release|Any CPU
	EndGlobalSection
	GlobalSection(ProjectConfigurationPlatforms) = postSolution
		{B2DC2391-B6B4-4500-BB4C-55597748C8BD}.Debug|Any CPU.ActiveCfg = Debug|Any CPU
		{B2DC2391-B6B4-4500-BB4C-55597748C8BD}.Debug|Any CPU.Build.0 = Debug|Any CPU
		{B2DC2391-B6B4-4500-BB4C-55597748C8BD}.Release|Any CPU.ActiveCfg = Release|Any CPU
		{B2DC2391-B6B4-4500-BB4C-55597748C8BD}.Release|Any CPU.Build.0 = Release|Any CPU
		{0080F10C-7193-41A6-8F76-57B7BC0575F3}.Debug|Any CPU.ActiveCfg = Debug|Any CPU
		{0080F10C-7193-41A6-8F76-57B7BC0575F3}.Debug|Any CPU.Build.0 = Debug|Any CPU
		{0080F10C-7193-41A6-8F76-57B7BC0575F3}.Release|Any CPU.ActiveCfg = Release|Any CPU
		{0080F10C-7193-41A6-8F76-57B7BC0575F3}.Release|Any CPU.Build.0 = Release|Any CPU
		{71076391-2E3F-46DE-B9BD-87FD56826D63}.Debug|Any CPU.ActiveCfg = Debug|Any CPU
		{71076391-2E3F-46DE-B9BD-87FD56826D63}.Debug|Any CPU.Build.0 = Debug|Any CPU
		{71076391-2E3F-46DE-B9BD-87FD56826D63}.Release|Any CPU.ActiveCfg = Release|Any CPU
		{71076391-2E3F-46DE-B9BD-87FD56826D63}.Release|Any CPU.Build.0 = Release|Any CPU
		{83801FCE-EAF9-45E1-9A9C-02B8D96DA363}.Debug|Any CPU.ActiveCfg = Debug|Any CPU
		{83801FCE-EAF9-45E1-9A9C-02B8D96DA363}.Debug|Any CPU.Build.0 = Debug|Any CPU
		{83801FCE-EAF9-45E1-9A9C-02B8D96DA363}.Release|Any CPU.ActiveCfg = Release|Any CPU
		{83801FCE-EAF9-45E1-9A9C-02B8D96DA363}.Release|Any CPU.Build.0 = Release|Any CPU
		{6AF456F0-1942-4AB0-AED1-EC4868C72D09}.Debug|Any CPU.ActiveCfg = Debug|Any CPU
		{6AF456F0-1942-4AB0-AED1-EC4868C72D09}.Debug|Any CPU.Build.0 = Debug|Any CPU
		{6AF456F0-1942-4AB0-AED1-EC4868C72D09}.Release|Any CPU.ActiveCfg = Release|Any CPU
		{6AF456F0-1942-4AB0-AED1-EC4868C72D09}.Release|Any CPU.Build.0 = Release|Any CPU
		{0B475EC1-4C72-4F38-AF3E-F73C1DA54E1B}.Debug|Any CPU.ActiveCfg = Debug|Any CPU
		{0B475EC1-4C72-4F38-AF3E-F73C1DA54E1B}.Debug|Any CPU.Build.0 = Debug|Any CPU
		{0B475EC1-4C72-4F38-AF3E-F73C1DA54E1B}.Release|Any CPU.ActiveCfg = Release|Any CPU
		{0B475EC1-4C72-4F38-AF3E-F73C1DA54E1B}.Release|Any CPU.Build.0 = Release|Any CPU
		{D6D426EA-3D04-44E3-B083-043A582B4EA7}.Debug|Any CPU.ActiveCfg = Debug|Any CPU
		{D6D426EA-3D04-44E3-B083-043A582B4EA7}.Debug|Any CPU.Build.0 = Debug|Any CPU
		{D6D426EA-3D04-44E3-B083-043A582B4EA7}.Release|Any CPU.ActiveCfg = Release|Any CPU
		{D6D426EA-3D04-44E3-B083-043A582B4EA7}.Release|Any CPU.Build.0 = Release|Any CPU
		{40CAA0DE-6E28-48EF-AD22-2993F60BE75A}.Debug|Any CPU.ActiveCfg = Debug|Any CPU
		{40CAA0DE-6E28-48EF-AD22-2993F60BE75A}.Debug|Any CPU.Build.0 = Debug|Any CPU
		{40CAA0DE-6E28-48EF-AD22-2993F60BE75A}.Release|Any CPU.ActiveCfg = Release|Any CPU
		{40CAA0DE-6E28-48EF-AD22-2993F60BE75A}.Release|Any CPU.Build.0 = Release|Any CPU
		{F9A52FFD-2EFF-47E8-8E45-AD84A985CFB1}.Debug|Any CPU.ActiveCfg = Debug|Any CPU
		{F9A52FFD-2EFF-47E8-8E45-AD84A985CFB1}.Debug|Any CPU.Build.0 = Debug|Any CPU
		{F9A52FFD-2EFF-47E8-8E45-AD84A985CFB1}.Release|Any CPU.ActiveCfg = Release|Any CPU
		{F9A52FFD-2EFF-47E8-8E45-AD84A985CFB1}.Release|Any CPU.Build.0 = Release|Any CPU
		{C47B1CF1-4686-459E-BC2A-57A3D9D74BB9}.Debug|Any CPU.ActiveCfg = Debug|Any CPU
		{C47B1CF1-4686-459E-BC2A-57A3D9D74BB9}.Debug|Any CPU.Build.0 = Debug|Any CPU
		{C47B1CF1-4686-459E-BC2A-57A3D9D74BB9}.Release|Any CPU.ActiveCfg = Release|Any CPU
		{C47B1CF1-4686-459E-BC2A-57A3D9D74BB9}.Release|Any CPU.Build.0 = Release|Any CPU
		{0CB50289-2C08-43BF-961F-488792A6C1B9}.Debug|Any CPU.ActiveCfg = Debug|Any CPU
		{0CB50289-2C08-43BF-961F-488792A6C1B9}.Debug|Any CPU.Build.0 = Debug|Any CPU
		{0CB50289-2C08-43BF-961F-488792A6C1B9}.Release|Any CPU.ActiveCfg = Release|Any CPU
		{0CB50289-2C08-43BF-961F-488792A6C1B9}.Release|Any CPU.Build.0 = Release|Any CPU
		{61C5B662-AA0D-490E-BFEA-8A3240220D75}.Debug|Any CPU.ActiveCfg = Debug|Any CPU
		{61C5B662-AA0D-490E-BFEA-8A3240220D75}.Debug|Any CPU.Build.0 = Debug|Any CPU
		{61C5B662-AA0D-490E-BFEA-8A3240220D75}.Release|Any CPU.ActiveCfg = Release|Any CPU
		{61C5B662-AA0D-490E-BFEA-8A3240220D75}.Release|Any CPU.Build.0 = Release|Any CPU
	EndGlobalSection
	GlobalSection(SolutionProperties) = preSolution
		HideSolutionNode = FALSE
	EndGlobalSection
	GlobalSection(ExtensibilityGlobals) = postSolution
		SolutionGuid = {FAB89616-21E9-4D7B-9691-D5A65C72AF54}
	EndGlobalSection
EndGlobal
